// !$*UTF8*$!
{
	archiveVersion = 1;
	classes = {
	};
	objectVersion = 56;
	objects = {

/* Begin PBXBuildFile section */
		665AB7782ACFB12200328192 /* CartViewController.swift in Sources */ = {isa = PBXBuildFile; fileRef = 665AB7762ACFB12200328192 /* CartViewController.swift */; };
		665AB7792ACFB12200328192 /* CartViewController.xib in Resources */ = {isa = PBXBuildFile; fileRef = 665AB7772ACFB12200328192 /* CartViewController.xib */; };
		665AB77C2ACFC11200328192 /* FavoritesViewController.swift in Sources */ = {isa = PBXBuildFile; fileRef = 665AB77A2ACFC11200328192 /* FavoritesViewController.swift */; };
		665AB77D2ACFC11200328192 /* FavoritesViewController.xib in Resources */ = {isa = PBXBuildFile; fileRef = 665AB77B2ACFC11200328192 /* FavoritesViewController.xib */; };
		665AB7842ACFDBFD00328192 /* AccountItemCell.swift in Sources */ = {isa = PBXBuildFile; fileRef = 665AB7822ACFDBFD00328192 /* AccountItemCell.swift */; };
		665AB7852ACFDBFD00328192 /* AccountItemCell.xib in Resources */ = {isa = PBXBuildFile; fileRef = 665AB7832ACFDBFD00328192 /* AccountItemCell.xib */; };
		665AB7882ACFDDE100328192 /* CheckoutItemCell.swift in Sources */ = {isa = PBXBuildFile; fileRef = 665AB7862ACFDDE100328192 /* CheckoutItemCell.swift */; };
		665AB7892ACFDDE100328192 /* CheckoutItemCell.xib in Resources */ = {isa = PBXBuildFile; fileRef = 665AB7872ACFDDE100328192 /* CheckoutItemCell.xib */; };
		665AB78C2ACFE07B00328192 /* OrderStatusView.swift in Sources */ = {isa = PBXBuildFile; fileRef = 665AB78B2ACFE07B00328192 /* OrderStatusView.swift */; };
		665AB78E2ACFE08200328192 /* OrderStatusView.xib in Resources */ = {isa = PBXBuildFile; fileRef = 665AB78D2ACFE08200328192 /* OrderStatusView.xib */; };
		665AB7912ACFF67800328192 /* InfoView.swift in Sources */ = {isa = PBXBuildFile; fileRef = 665AB7902ACFF67800328192 /* InfoView.swift */; };
		665AB7932ACFF68200328192 /* InfoView.xib in Resources */ = {isa = PBXBuildFile; fileRef = 665AB7922ACFF68200328192 /* InfoView.xib */; };
		665AB7962ACFFCA800328192 /* AccountViewController.swift in Sources */ = {isa = PBXBuildFile; fileRef = 665AB7942ACFFCA800328192 /* AccountViewController.swift */; };
		665AB7972ACFFCA800328192 /* AccountViewController.xib in Resources */ = {isa = PBXBuildFile; fileRef = 665AB7952ACFFCA800328192 /* AccountViewController.xib */; };
		665AB79A2AD009B700328192 /* CheckoutViewController.swift in Sources */ = {isa = PBXBuildFile; fileRef = 665AB7982AD009B700328192 /* CheckoutViewController.swift */; };
		665AB79B2AD009B800328192 /* CheckoutViewController.xib in Resources */ = {isa = PBXBuildFile; fileRef = 665AB7992AD009B700328192 /* CheckoutViewController.xib */; };
		66AD92A02ACD4AF200FFD27C /* AppDelegate.swift in Sources */ = {isa = PBXBuildFile; fileRef = 66AD929F2ACD4AF200FFD27C /* AppDelegate.swift */; };
		66AD92A92ACD4AF300FFD27C /* Assets.xcassets in Resources */ = {isa = PBXBuildFile; fileRef = 66AD92A82ACD4AF300FFD27C /* Assets.xcassets */; };
		66AD92AC2ACD4AF300FFD27C /* LaunchScreen.storyboard in Resources */ = {isa = PBXBuildFile; fileRef = 66AD92AA2ACD4AF300FFD27C /* LaunchScreen.storyboard */; };
		66AD92B72ACD4AF400FFD27C /* CafeNghenTests.swift in Sources */ = {isa = PBXBuildFile; fileRef = 66AD92B62ACD4AF400FFD27C /* CafeNghenTests.swift */; };
		66AD92C12ACD4AF400FFD27C /* CafeNghenUITests.swift in Sources */ = {isa = PBXBuildFile; fileRef = 66AD92C02ACD4AF400FFD27C /* CafeNghenUITests.swift */; };
		66AD92C32ACD4AF400FFD27C /* CafeNghenUITestsLaunchTests.swift in Sources */ = {isa = PBXBuildFile; fileRef = 66AD92C22ACD4AF400FFD27C /* CafeNghenUITestsLaunchTests.swift */; };
		66AD92D62ACD4E6000FFD27C /* HomeViewController.swift in Sources */ = {isa = PBXBuildFile; fileRef = 66AD92D42ACD4E6000FFD27C /* HomeViewController.swift */; };
		66AD92D72ACD4E6000FFD27C /* HomeViewController.xib in Resources */ = {isa = PBXBuildFile; fileRef = 66AD92D52ACD4E6000FFD27C /* HomeViewController.xib */; };
		66AD92DE2ACD52D800FFD27C /* ClassName+Extention.swift in Sources */ = {isa = PBXBuildFile; fileRef = 66AD92DD2ACD52D800FFD27C /* ClassName+Extention.swift */; };
		66AD92E02ACD52EF00FFD27C /* UITableView+Extention.swift in Sources */ = {isa = PBXBuildFile; fileRef = 66AD92DF2ACD52EF00FFD27C /* UITableView+Extention.swift */; };
		66AD92E22ACD530A00FFD27C /* UICollectionView+Extention.swift in Sources */ = {isa = PBXBuildFile; fileRef = 66AD92E12ACD530A00FFD27C /* UICollectionView+Extention.swift */; };
		66AD92E92ACD53FA00FFD27C /* SlideCell.swift in Sources */ = {isa = PBXBuildFile; fileRef = 66AD92E72ACD53FA00FFD27C /* SlideCell.swift */; };
		66AD92EA2ACD53FA00FFD27C /* SlideCell.xib in Resources */ = {isa = PBXBuildFile; fileRef = 66AD92E82ACD53FA00FFD27C /* SlideCell.xib */; };
		66AD92EF2ACD579000FFD27C /* ProductByGroupCell.swift in Sources */ = {isa = PBXBuildFile; fileRef = 66AD92ED2ACD579000FFD27C /* ProductByGroupCell.swift */; };
		66AD92F02ACD579000FFD27C /* ProductByGroupCell.xib in Resources */ = {isa = PBXBuildFile; fileRef = 66AD92EE2ACD579000FFD27C /* ProductByGroupCell.xib */; };
		66AD92F52ACD583400FFD27C /* ProductCell.swift in Sources */ = {isa = PBXBuildFile; fileRef = 66AD92F32ACD583400FFD27C /* ProductCell.swift */; };
		66AD92F62ACD583400FFD27C /* ProductCell.xib in Resources */ = {isa = PBXBuildFile; fileRef = 66AD92F42ACD583400FFD27C /* ProductCell.xib */; };
		66AD92F82ACD720000FFD27C /* SectionView.swift in Sources */ = {isa = PBXBuildFile; fileRef = 66AD92F72ACD720000FFD27C /* SectionView.swift */; };
		66AD92FA2ACD720F00FFD27C /* SectionView.xib in Resources */ = {isa = PBXBuildFile; fileRef = 66AD92F92ACD720F00FFD27C /* SectionView.xib */; };
		66AD92FE2ACD7F7600FFD27C /* SliderView.swift in Sources */ = {isa = PBXBuildFile; fileRef = 66AD92FD2ACD7F7600FFD27C /* SliderView.swift */; };
		66AD93002ACD7F8600FFD27C /* SliderView.xib in Resources */ = {isa = PBXBuildFile; fileRef = 66AD92FF2ACD7F8600FFD27C /* SliderView.xib */; };
		66AD93032ACE3FA500FFD27C /* CategoryView.swift in Sources */ = {isa = PBXBuildFile; fileRef = 66AD93022ACE3FA500FFD27C /* CategoryView.swift */; };
		66AD93052ACE3FB000FFD27C /* CategoryView.xib in Resources */ = {isa = PBXBuildFile; fileRef = 66AD93042ACE3FB000FFD27C /* CategoryView.xib */; };
		66AD93092ACE415C00FFD27C /* CategoryCell.swift in Sources */ = {isa = PBXBuildFile; fileRef = 66AD93072ACE415C00FFD27C /* CategoryCell.swift */; };
		66AD930A2ACE415C00FFD27C /* CategoryCell.xib in Resources */ = {isa = PBXBuildFile; fileRef = 66AD93082ACE415C00FFD27C /* CategoryCell.xib */; };
		66AD930E2ACE481600FFD27C /* DetailViewController.swift in Sources */ = {isa = PBXBuildFile; fileRef = 66AD930C2ACE481600FFD27C /* DetailViewController.swift */; };
		66AD930F2ACE481600FFD27C /* DetailViewController.xib in Resources */ = {isa = PBXBuildFile; fileRef = 66AD930D2ACE481600FFD27C /* DetailViewController.xib */; };
		66AD93122ACE4DE200FFD27C /* DropDownView.swift in Sources */ = {isa = PBXBuildFile; fileRef = 66AD93112ACE4DE200FFD27C /* DropDownView.swift */; };
		66AD93142ACE4E1D00FFD27C /* DropDownView.xib in Resources */ = {isa = PBXBuildFile; fileRef = 66AD93132ACE4E1D00FFD27C /* DropDownView.xib */; };
		66AD93172ACE55C200FFD27C /* ProductNameView.swift in Sources */ = {isa = PBXBuildFile; fileRef = 66AD93162ACE55C200FFD27C /* ProductNameView.swift */; };
		66AD93192ACE55CF00FFD27C /* ProductNameView.xib in Resources */ = {isa = PBXBuildFile; fileRef = 66AD93182ACE55CF00FFD27C /* ProductNameView.xib */; };
		66AD931B2ACE723D00FFD27C /* UIButton+Extention.swift in Sources */ = {isa = PBXBuildFile; fileRef = 66AD931A2ACE723D00FFD27C /* UIButton+Extention.swift */; };
		66AD931F2ACE980000FFD27C /* ExploreViewController.swift in Sources */ = {isa = PBXBuildFile; fileRef = 66AD931D2ACE980000FFD27C /* ExploreViewController.swift */; };
		66AD93202ACE980000FFD27C /* ExploreViewController.xib in Resources */ = {isa = PBXBuildFile; fileRef = 66AD931E2ACE980000FFD27C /* ExploreViewController.xib */; };
		66AD93282ACE9CED00FFD27C /* CategoryCollectionCell.swift in Sources */ = {isa = PBXBuildFile; fileRef = 66AD93262ACE9CED00FFD27C /* CategoryCollectionCell.swift */; };
		66AD93292ACE9CED00FFD27C /* CategoryCollectionCell.xib in Resources */ = {isa = PBXBuildFile; fileRef = 66AD93272ACE9CED00FFD27C /* CategoryCollectionCell.xib */; };
		66AD932D2ACEA85400FFD27C /* GroupViewController.swift in Sources */ = {isa = PBXBuildFile; fileRef = 66AD932B2ACEA85400FFD27C /* GroupViewController.swift */; };
		66AD932E2ACEA85400FFD27C /* GroupViewController.xib in Resources */ = {isa = PBXBuildFile; fileRef = 66AD932C2ACEA85400FFD27C /* GroupViewController.xib */; };
		66AD93322ACEAEC700FFD27C /* FilterViewController.swift in Sources */ = {isa = PBXBuildFile; fileRef = 66AD93302ACEAEC700FFD27C /* FilterViewController.swift */; };
		66AD93332ACEAEC700FFD27C /* FilterViewController.xib in Resources */ = {isa = PBXBuildFile; fileRef = 66AD93312ACEAEC700FFD27C /* FilterViewController.xib */; };
		66E719DE2ACEB75000000F79 /* FilterItemCell.swift in Sources */ = {isa = PBXBuildFile; fileRef = 66E719DC2ACEB75000000F79 /* FilterItemCell.swift */; };
		66E719DF2ACEB75000000F79 /* FilterItemCell.xib in Resources */ = {isa = PBXBuildFile; fileRef = 66E719DD2ACEB75000000F79 /* FilterItemCell.xib */; };
		66E719E22ACEBB1900000F79 /* CartItemCell.swift in Sources */ = {isa = PBXBuildFile; fileRef = 66E719E02ACEBB1900000F79 /* CartItemCell.swift */; };
		66E719E32ACEBB1900000F79 /* CartItemCell.xib in Resources */ = {isa = PBXBuildFile; fileRef = 66E719E12ACEBB1900000F79 /* CartItemCell.xib */; };
		66E719E62ACEE54800000F79 /* FavoriteItemCell.swift in Sources */ = {isa = PBXBuildFile; fileRef = 66E719E42ACEE54800000F79 /* FavoriteItemCell.swift */; };
		66E719E72ACEE54800000F79 /* FavoriteItemCell.xib in Resources */ = {isa = PBXBuildFile; fileRef = 66E719E52ACEE54800000F79 /* FavoriteItemCell.xib */; };
/* End PBXBuildFile section */

/* Begin PBXContainerItemProxy section */
		66AD92B32ACD4AF400FFD27C /* PBXContainerItemProxy */ = {
			isa = PBXContainerItemProxy;
			containerPortal = 66AD92942ACD4AF200FFD27C /* Project object */;
			proxyType = 1;
			remoteGlobalIDString = 66AD929B2ACD4AF200FFD27C;
			remoteInfo = CafeNghen;
		};
		66AD92BD2ACD4AF400FFD27C /* PBXContainerItemProxy */ = {
			isa = PBXContainerItemProxy;
			containerPortal = 66AD92942ACD4AF200FFD27C /* Project object */;
			proxyType = 1;
			remoteGlobalIDString = 66AD929B2ACD4AF200FFD27C;
			remoteInfo = CafeNghen;
		};
/* End PBXContainerItemProxy section */

/* Begin PBXFileReference section */
		665AB7762ACFB12200328192 /* CartViewController.swift */ = {isa = PBXFileReference; lastKnownFileType = sourcecode.swift; path = CartViewController.swift; sourceTree = "<group>"; };
		665AB7772ACFB12200328192 /* CartViewController.xib */ = {isa = PBXFileReference; lastKnownFileType = file.xib; path = CartViewController.xib; sourceTree = "<group>"; };
		665AB77A2ACFC11200328192 /* FavoritesViewController.swift */ = {isa = PBXFileReference; lastKnownFileType = sourcecode.swift; path = FavoritesViewController.swift; sourceTree = "<group>"; };
		665AB77B2ACFC11200328192 /* FavoritesViewController.xib */ = {isa = PBXFileReference; lastKnownFileType = file.xib; path = FavoritesViewController.xib; sourceTree = "<group>"; };
		665AB7822ACFDBFD00328192 /* AccountItemCell.swift */ = {isa = PBXFileReference; lastKnownFileType = sourcecode.swift; path = AccountItemCell.swift; sourceTree = "<group>"; };
		665AB7832ACFDBFD00328192 /* AccountItemCell.xib */ = {isa = PBXFileReference; lastKnownFileType = file.xib; path = AccountItemCell.xib; sourceTree = "<group>"; };
		665AB7862ACFDDE100328192 /* CheckoutItemCell.swift */ = {isa = PBXFileReference; lastKnownFileType = sourcecode.swift; path = CheckoutItemCell.swift; sourceTree = "<group>"; };
		665AB7872ACFDDE100328192 /* CheckoutItemCell.xib */ = {isa = PBXFileReference; lastKnownFileType = file.xib; path = CheckoutItemCell.xib; sourceTree = "<group>"; };
		665AB78B2ACFE07B00328192 /* OrderStatusView.swift */ = {isa = PBXFileReference; lastKnownFileType = sourcecode.swift; path = OrderStatusView.swift; sourceTree = "<group>"; };
		665AB78D2ACFE08200328192 /* OrderStatusView.xib */ = {isa = PBXFileReference; lastKnownFileType = file.xib; path = OrderStatusView.xib; sourceTree = "<group>"; };
		665AB7902ACFF67800328192 /* InfoView.swift */ = {isa = PBXFileReference; lastKnownFileType = sourcecode.swift; path = InfoView.swift; sourceTree = "<group>"; };
		665AB7922ACFF68200328192 /* InfoView.xib */ = {isa = PBXFileReference; lastKnownFileType = file.xib; path = InfoView.xib; sourceTree = "<group>"; };
		665AB7942ACFFCA800328192 /* AccountViewController.swift */ = {isa = PBXFileReference; lastKnownFileType = sourcecode.swift; path = AccountViewController.swift; sourceTree = "<group>"; };
		665AB7952ACFFCA800328192 /* AccountViewController.xib */ = {isa = PBXFileReference; lastKnownFileType = file.xib; path = AccountViewController.xib; sourceTree = "<group>"; };
		665AB7982AD009B700328192 /* CheckoutViewController.swift */ = {isa = PBXFileReference; lastKnownFileType = sourcecode.swift; path = CheckoutViewController.swift; sourceTree = "<group>"; };
		665AB7992AD009B700328192 /* CheckoutViewController.xib */ = {isa = PBXFileReference; lastKnownFileType = file.xib; path = CheckoutViewController.xib; sourceTree = "<group>"; };
		66AD929C2ACD4AF200FFD27C /* CafeNghen.app */ = {isa = PBXFileReference; explicitFileType = wrapper.application; includeInIndex = 0; path = CafeNghen.app; sourceTree = BUILT_PRODUCTS_DIR; };
		66AD929F2ACD4AF200FFD27C /* AppDelegate.swift */ = {isa = PBXFileReference; lastKnownFileType = sourcecode.swift; path = AppDelegate.swift; sourceTree = "<group>"; };
		66AD92A82ACD4AF300FFD27C /* Assets.xcassets */ = {isa = PBXFileReference; lastKnownFileType = folder.assetcatalog; path = Assets.xcassets; sourceTree = "<group>"; };
		66AD92AB2ACD4AF300FFD27C /* Base */ = {isa = PBXFileReference; lastKnownFileType = file.storyboard; name = Base; path = Base.lproj/LaunchScreen.storyboard; sourceTree = "<group>"; };
		66AD92AD2ACD4AF300FFD27C /* Info.plist */ = {isa = PBXFileReference; lastKnownFileType = text.plist.xml; path = Info.plist; sourceTree = "<group>"; };
		66AD92B22ACD4AF400FFD27C /* CafeNghenTests.xctest */ = {isa = PBXFileReference; explicitFileType = wrapper.cfbundle; includeInIndex = 0; path = CafeNghenTests.xctest; sourceTree = BUILT_PRODUCTS_DIR; };
		66AD92B62ACD4AF400FFD27C /* CafeNghenTests.swift */ = {isa = PBXFileReference; lastKnownFileType = sourcecode.swift; path = CafeNghenTests.swift; sourceTree = "<group>"; };
		66AD92BC2ACD4AF400FFD27C /* CafeNghenUITests.xctest */ = {isa = PBXFileReference; explicitFileType = wrapper.cfbundle; includeInIndex = 0; path = CafeNghenUITests.xctest; sourceTree = BUILT_PRODUCTS_DIR; };
		66AD92C02ACD4AF400FFD27C /* CafeNghenUITests.swift */ = {isa = PBXFileReference; lastKnownFileType = sourcecode.swift; path = CafeNghenUITests.swift; sourceTree = "<group>"; };
		66AD92C22ACD4AF400FFD27C /* CafeNghenUITestsLaunchTests.swift */ = {isa = PBXFileReference; lastKnownFileType = sourcecode.swift; path = CafeNghenUITestsLaunchTests.swift; sourceTree = "<group>"; };
		66AD92D42ACD4E6000FFD27C /* HomeViewController.swift */ = {isa = PBXFileReference; lastKnownFileType = sourcecode.swift; path = HomeViewController.swift; sourceTree = "<group>"; };
		66AD92D52ACD4E6000FFD27C /* HomeViewController.xib */ = {isa = PBXFileReference; lastKnownFileType = file.xib; path = HomeViewController.xib; sourceTree = "<group>"; };
		66AD92DD2ACD52D800FFD27C /* ClassName+Extention.swift */ = {isa = PBXFileReference; lastKnownFileType = sourcecode.swift; path = "ClassName+Extention.swift"; sourceTree = "<group>"; };
		66AD92DF2ACD52EF00FFD27C /* UITableView+Extention.swift */ = {isa = PBXFileReference; lastKnownFileType = sourcecode.swift; path = "UITableView+Extention.swift"; sourceTree = "<group>"; };
		66AD92E12ACD530A00FFD27C /* UICollectionView+Extention.swift */ = {isa = PBXFileReference; lastKnownFileType = sourcecode.swift; path = "UICollectionView+Extention.swift"; sourceTree = "<group>"; };
		66AD92E72ACD53FA00FFD27C /* SlideCell.swift */ = {isa = PBXFileReference; lastKnownFileType = sourcecode.swift; path = SlideCell.swift; sourceTree = "<group>"; };
		66AD92E82ACD53FA00FFD27C /* SlideCell.xib */ = {isa = PBXFileReference; lastKnownFileType = file.xib; path = SlideCell.xib; sourceTree = "<group>"; };
		66AD92ED2ACD579000FFD27C /* ProductByGroupCell.swift */ = {isa = PBXFileReference; lastKnownFileType = sourcecode.swift; path = ProductByGroupCell.swift; sourceTree = "<group>"; };
		66AD92EE2ACD579000FFD27C /* ProductByGroupCell.xib */ = {isa = PBXFileReference; lastKnownFileType = file.xib; path = ProductByGroupCell.xib; sourceTree = "<group>"; };
		66AD92F32ACD583400FFD27C /* ProductCell.swift */ = {isa = PBXFileReference; lastKnownFileType = sourcecode.swift; path = ProductCell.swift; sourceTree = "<group>"; };
		66AD92F42ACD583400FFD27C /* ProductCell.xib */ = {isa = PBXFileReference; lastKnownFileType = file.xib; path = ProductCell.xib; sourceTree = "<group>"; };
		66AD92F72ACD720000FFD27C /* SectionView.swift */ = {isa = PBXFileReference; lastKnownFileType = sourcecode.swift; path = SectionView.swift; sourceTree = "<group>"; };
		66AD92F92ACD720F00FFD27C /* SectionView.xib */ = {isa = PBXFileReference; lastKnownFileType = file.xib; path = SectionView.xib; sourceTree = "<group>"; };
		66AD92FD2ACD7F7600FFD27C /* SliderView.swift */ = {isa = PBXFileReference; lastKnownFileType = sourcecode.swift; path = SliderView.swift; sourceTree = "<group>"; };
		66AD92FF2ACD7F8600FFD27C /* SliderView.xib */ = {isa = PBXFileReference; lastKnownFileType = file.xib; path = SliderView.xib; sourceTree = "<group>"; };
		66AD93022ACE3FA500FFD27C /* CategoryView.swift */ = {isa = PBXFileReference; lastKnownFileType = sourcecode.swift; path = CategoryView.swift; sourceTree = "<group>"; };
		66AD93042ACE3FB000FFD27C /* CategoryView.xib */ = {isa = PBXFileReference; lastKnownFileType = file.xib; path = CategoryView.xib; sourceTree = "<group>"; };
		66AD93072ACE415C00FFD27C /* CategoryCell.swift */ = {isa = PBXFileReference; lastKnownFileType = sourcecode.swift; path = CategoryCell.swift; sourceTree = "<group>"; };
		66AD93082ACE415C00FFD27C /* CategoryCell.xib */ = {isa = PBXFileReference; lastKnownFileType = file.xib; path = CategoryCell.xib; sourceTree = "<group>"; };
		66AD930C2ACE481600FFD27C /* DetailViewController.swift */ = {isa = PBXFileReference; lastKnownFileType = sourcecode.swift; path = DetailViewController.swift; sourceTree = "<group>"; };
		66AD930D2ACE481600FFD27C /* DetailViewController.xib */ = {isa = PBXFileReference; lastKnownFileType = file.xib; path = DetailViewController.xib; sourceTree = "<group>"; };
		66AD93112ACE4DE200FFD27C /* DropDownView.swift */ = {isa = PBXFileReference; lastKnownFileType = sourcecode.swift; path = DropDownView.swift; sourceTree = "<group>"; };
		66AD93132ACE4E1D00FFD27C /* DropDownView.xib */ = {isa = PBXFileReference; lastKnownFileType = file.xib; path = DropDownView.xib; sourceTree = "<group>"; };
		66AD93162ACE55C200FFD27C /* ProductNameView.swift */ = {isa = PBXFileReference; lastKnownFileType = sourcecode.swift; path = ProductNameView.swift; sourceTree = "<group>"; };
		66AD93182ACE55CF00FFD27C /* ProductNameView.xib */ = {isa = PBXFileReference; lastKnownFileType = file.xib; path = ProductNameView.xib; sourceTree = "<group>"; };
		66AD931A2ACE723D00FFD27C /* UIButton+Extention.swift */ = {isa = PBXFileReference; lastKnownFileType = sourcecode.swift; path = "UIButton+Extention.swift"; sourceTree = "<group>"; };
		66AD931D2ACE980000FFD27C /* ExploreViewController.swift */ = {isa = PBXFileReference; lastKnownFileType = sourcecode.swift; path = ExploreViewController.swift; sourceTree = "<group>"; };
		66AD931E2ACE980000FFD27C /* ExploreViewController.xib */ = {isa = PBXFileReference; lastKnownFileType = file.xib; path = ExploreViewController.xib; sourceTree = "<group>"; };
		66AD93262ACE9CED00FFD27C /* CategoryCollectionCell.swift */ = {isa = PBXFileReference; lastKnownFileType = sourcecode.swift; path = CategoryCollectionCell.swift; sourceTree = "<group>"; };
		66AD93272ACE9CED00FFD27C /* CategoryCollectionCell.xib */ = {isa = PBXFileReference; lastKnownFileType = file.xib; path = CategoryCollectionCell.xib; sourceTree = "<group>"; };
		66AD932B2ACEA85400FFD27C /* GroupViewController.swift */ = {isa = PBXFileReference; lastKnownFileType = sourcecode.swift; path = GroupViewController.swift; sourceTree = "<group>"; };
		66AD932C2ACEA85400FFD27C /* GroupViewController.xib */ = {isa = PBXFileReference; lastKnownFileType = file.xib; path = GroupViewController.xib; sourceTree = "<group>"; };
		66AD93302ACEAEC700FFD27C /* FilterViewController.swift */ = {isa = PBXFileReference; lastKnownFileType = sourcecode.swift; path = FilterViewController.swift; sourceTree = "<group>"; };
		66AD93312ACEAEC700FFD27C /* FilterViewController.xib */ = {isa = PBXFileReference; lastKnownFileType = file.xib; path = FilterViewController.xib; sourceTree = "<group>"; };
		66E719DC2ACEB75000000F79 /* FilterItemCell.swift */ = {isa = PBXFileReference; lastKnownFileType = sourcecode.swift; path = FilterItemCell.swift; sourceTree = "<group>"; };
		66E719DD2ACEB75000000F79 /* FilterItemCell.xib */ = {isa = PBXFileReference; lastKnownFileType = file.xib; path = FilterItemCell.xib; sourceTree = "<group>"; };
		66E719E02ACEBB1900000F79 /* CartItemCell.swift */ = {isa = PBXFileReference; lastKnownFileType = sourcecode.swift; path = CartItemCell.swift; sourceTree = "<group>"; };
		66E719E12ACEBB1900000F79 /* CartItemCell.xib */ = {isa = PBXFileReference; lastKnownFileType = file.xib; path = CartItemCell.xib; sourceTree = "<group>"; };
		66E719E42ACEE54800000F79 /* FavoriteItemCell.swift */ = {isa = PBXFileReference; lastKnownFileType = sourcecode.swift; path = FavoriteItemCell.swift; sourceTree = "<group>"; };
		66E719E52ACEE54800000F79 /* FavoriteItemCell.xib */ = {isa = PBXFileReference; lastKnownFileType = file.xib; path = FavoriteItemCell.xib; sourceTree = "<group>"; };
/* End PBXFileReference section */

/* Begin PBXFrameworksBuildPhase section */
		66AD92992ACD4AF200FFD27C /* Frameworks */ = {
			isa = PBXFrameworksBuildPhase;
			buildActionMask = 2147483647;
			files = (
			);
			runOnlyForDeploymentPostprocessing = 0;
		};
		66AD92AF2ACD4AF400FFD27C /* Frameworks */ = {
			isa = PBXFrameworksBuildPhase;
			buildActionMask = 2147483647;
			files = (
			);
			runOnlyForDeploymentPostprocessing = 0;
		};
		66AD92B92ACD4AF400FFD27C /* Frameworks */ = {
			isa = PBXFrameworksBuildPhase;
			buildActionMask = 2147483647;
			files = (
			);
			runOnlyForDeploymentPostprocessing = 0;
		};
/* End PBXFrameworksBuildPhase section */

/* Begin PBXGroup section */
		665AB7742ACFACC300328192 /* Cart */ = {
			isa = PBXGroup;
			children = (
				665AB7762ACFB12200328192 /* CartViewController.swift */,
				665AB7772ACFB12200328192 /* CartViewController.xib */,
			);
			path = Cart;
			sourceTree = "<group>";
		};
		665AB7752ACFACCC00328192 /* Favorites */ = {
			isa = PBXGroup;
			children = (
				665AB77A2ACFC11200328192 /* FavoritesViewController.swift */,
				665AB77B2ACFC11200328192 /* FavoritesViewController.xib */,
			);
			path = Favorites;
			sourceTree = "<group>";
		};
		665AB77E2ACFDB4700328192 /* Account */ = {
			isa = PBXGroup;
			children = (
				665AB7942ACFFCA800328192 /* AccountViewController.swift */,
				665AB7952ACFFCA800328192 /* AccountViewController.xib */,
			);
			path = Account;
			sourceTree = "<group>";
		};
		665AB77F2ACFDB8900328192 /* Checkout */ = {
			isa = PBXGroup;
			children = (
				665AB7982AD009B700328192 /* CheckoutViewController.swift */,
				665AB7992AD009B700328192 /* CheckoutViewController.xib */,
			);
			path = Checkout;
			sourceTree = "<group>";
		};
		665AB7802ACFDBC400328192 /* AccountItemCell */ = {
			isa = PBXGroup;
			children = (
				665AB7822ACFDBFD00328192 /* AccountItemCell.swift */,
				665AB7832ACFDBFD00328192 /* AccountItemCell.xib */,
			);
			path = AccountItemCell;
			sourceTree = "<group>";
		};
		665AB7812ACFDBD700328192 /* CheckoutItemCell */ = {
			isa = PBXGroup;
			children = (
				665AB7862ACFDDE100328192 /* CheckoutItemCell.swift */,
				665AB7872ACFDDE100328192 /* CheckoutItemCell.xib */,
			);
			path = CheckoutItemCell;
			sourceTree = "<group>";
		};
		665AB78A2ACFE00E00328192 /* OrderStatusView */ = {
			isa = PBXGroup;
			children = (
				665AB78B2ACFE07B00328192 /* OrderStatusView.swift */,
				665AB78D2ACFE08200328192 /* OrderStatusView.xib */,
			);
			path = OrderStatusView;
			sourceTree = "<group>";
		};
		665AB78F2ACFF66300328192 /* InfoView */ = {
			isa = PBXGroup;
			children = (
				665AB7902ACFF67800328192 /* InfoView.swift */,
				665AB7922ACFF68200328192 /* InfoView.xib */,
			);
			path = InfoView;
			sourceTree = "<group>";
		};
		66AD92932ACD4AF200FFD27C = {
			isa = PBXGroup;
			children = (
				66AD929E2ACD4AF200FFD27C /* CafeNghen */,
				66AD92B52ACD4AF400FFD27C /* CafeNghenTests */,
				66AD92BF2ACD4AF400FFD27C /* CafeNghenUITests */,
				66AD929D2ACD4AF200FFD27C /* Products */,
			);
			sourceTree = "<group>";
		};
		66AD929D2ACD4AF200FFD27C /* Products */ = {
			isa = PBXGroup;
			children = (
				66AD929C2ACD4AF200FFD27C /* CafeNghen.app */,
				66AD92B22ACD4AF400FFD27C /* CafeNghenTests.xctest */,
				66AD92BC2ACD4AF400FFD27C /* CafeNghenUITests.xctest */,
			);
			name = Products;
			sourceTree = "<group>";
		};
		66AD929E2ACD4AF200FFD27C /* CafeNghen */ = {
			isa = PBXGroup;
			children = (
				66AD92DB2ACD52B000FFD27C /* Untils */,
				66AD92D82ACD4F8C00FFD27C /* Data */,
				66AD92E42ACD535900FFD27C /* Parts */,
				66AD92D12ACD4D0A00FFD27C /* Screens */,
				66AD92D02ACD4D0200FFD27C /* Sources */,
				66AD92CF2ACD4CF800FFD27C /* Supports */,
			);
			path = CafeNghen;
			sourceTree = "<group>";
		};
		66AD92B52ACD4AF400FFD27C /* CafeNghenTests */ = {
			isa = PBXGroup;
			children = (
				66AD92B62ACD4AF400FFD27C /* CafeNghenTests.swift */,
			);
			path = CafeNghenTests;
			sourceTree = "<group>";
		};
		66AD92BF2ACD4AF400FFD27C /* CafeNghenUITests */ = {
			isa = PBXGroup;
			children = (
				66AD92C02ACD4AF400FFD27C /* CafeNghenUITests.swift */,
				66AD92C22ACD4AF400FFD27C /* CafeNghenUITestsLaunchTests.swift */,
			);
			path = CafeNghenUITests;
			sourceTree = "<group>";
		};
		66AD92CF2ACD4CF800FFD27C /* Supports */ = {
			isa = PBXGroup;
			children = (
				66AD929F2ACD4AF200FFD27C /* AppDelegate.swift */,
				66AD92AD2ACD4AF300FFD27C /* Info.plist */,
			);
			path = Supports;
			sourceTree = "<group>";
		};
		66AD92D02ACD4D0200FFD27C /* Sources */ = {
			isa = PBXGroup;
			children = (
				66AD92A82ACD4AF300FFD27C /* Assets.xcassets */,
			);
			path = Sources;
			sourceTree = "<group>";
		};
		66AD92D12ACD4D0A00FFD27C /* Screens */ = {
			isa = PBXGroup;
			children = (
				665AB77F2ACFDB8900328192 /* Checkout */,
				665AB77E2ACFDB4700328192 /* Account */,
				665AB7752ACFACCC00328192 /* Favorites */,
				665AB7742ACFACC300328192 /* Cart */,
				66AD932F2ACEAE6E00FFD27C /* Filter */,
				66AD932A2ACEA81A00FFD27C /* Group */,
				66AD931C2ACE979800FFD27C /* Explore */,
				66AD930B2ACE47AD00FFD27C /* Detail */,
				66AD92D32ACD4E5100FFD27C /* Home */,
				66AD92D22ACD4D2E00FFD27C /* Splash */,
			);
			path = Screens;
			sourceTree = "<group>";
		};
		66AD92D22ACD4D2E00FFD27C /* Splash */ = {
			isa = PBXGroup;
			children = (
				66AD92AA2ACD4AF300FFD27C /* LaunchScreen.storyboard */,
			);
			path = Splash;
			sourceTree = "<group>";
		};
		66AD92D32ACD4E5100FFD27C /* Home */ = {
			isa = PBXGroup;
			children = (
				66AD92E32ACD534500FFD27C /* ViewModel */,
				66AD92D42ACD4E6000FFD27C /* HomeViewController.swift */,
				66AD92D52ACD4E6000FFD27C /* HomeViewController.xib */,
			);
			path = Home;
			sourceTree = "<group>";
		};
		66AD92D82ACD4F8C00FFD27C /* Data */ = {
			isa = PBXGroup;
			children = (
				66AD92DA2ACD4FB100FFD27C /* Local */,
				66AD92D92ACD4F9C00FFD27C /* Networking */,
			);
			path = Data;
			sourceTree = "<group>";
		};
		66AD92D92ACD4F9C00FFD27C /* Networking */ = {
			isa = PBXGroup;
			children = (
			);
			path = Networking;
			sourceTree = "<group>";
		};
		66AD92DA2ACD4FB100FFD27C /* Local */ = {
			isa = PBXGroup;
			children = (
			);
			path = Local;
			sourceTree = "<group>";
		};
		66AD92DB2ACD52B000FFD27C /* Untils */ = {
			isa = PBXGroup;
			children = (
				66AD92DC2ACD52BA00FFD27C /* Extentions */,
			);
			path = Untils;
			sourceTree = "<group>";
		};
		66AD92DC2ACD52BA00FFD27C /* Extentions */ = {
			isa = PBXGroup;
			children = (
				66AD92DD2ACD52D800FFD27C /* ClassName+Extention.swift */,
				66AD92DF2ACD52EF00FFD27C /* UITableView+Extention.swift */,
				66AD92E12ACD530A00FFD27C /* UICollectionView+Extention.swift */,
				66AD931A2ACE723D00FFD27C /* UIButton+Extention.swift */,
			);
			path = Extentions;
			sourceTree = "<group>";
		};
		66AD92E32ACD534500FFD27C /* ViewModel */ = {
			isa = PBXGroup;
			children = (
			);
			path = ViewModel;
			sourceTree = "<group>";
		};
		66AD92E42ACD535900FFD27C /* Parts */ = {
			isa = PBXGroup;
			children = (
				66AD92E62ACD536600FFD27C /* CustomView */,
				66AD92E52ACD535F00FFD27C /* Cell */,
			);
			path = Parts;
			sourceTree = "<group>";
		};
		66AD92E52ACD535F00FFD27C /* Cell */ = {
			isa = PBXGroup;
			children = (
				665AB7812ACFDBD700328192 /* CheckoutItemCell */,
				665AB7802ACFDBC400328192 /* AccountItemCell */,
				66E719DB2ACEB60D00000F79 /* FavoriteItemCell */,
				66E719DA2ACEB5FF00000F79 /* CartItemCell */,
				66E719D92ACEB5F300000F79 /* FilterItemCell */,
				66AD93212ACE9AD900FFD27C /* CategoryCollectionCell */,
				66AD93062ACE413400FFD27C /* CategoryCell */,
				66AD92F22ACD57E300FFD27C /* ProductCell */,
				66AD92EC2ACD570800FFD27C /* ProductByGroupCell */,
				66AD92EB2ACD56FD00FFD27C /* SlideCell */,
			);
			path = Cell;
			sourceTree = "<group>";
		};
		66AD92E62ACD536600FFD27C /* CustomView */ = {
			isa = PBXGroup;
			children = (
				665AB78F2ACFF66300328192 /* InfoView */,
				665AB78A2ACFE00E00328192 /* OrderStatusView */,
				66AD93152ACE556400FFD27C /* ProductNameView */,
				66AD93102ACE4DBB00FFD27C /* DropDownView */,
				66AD93012ACE3F8700FFD27C /* CategoryView */,
				66AD92FC2ACD7F0E00FFD27C /* SlideView */,
				66AD92FB2ACD7E2D00FFD27C /* NavigationView */,
				66AD92F12ACD57A900FFD27C /* SectionView */,
			);
			path = CustomView;
			sourceTree = "<group>";
		};
		66AD92EB2ACD56FD00FFD27C /* SlideCell */ = {
			isa = PBXGroup;
			children = (
				66AD92E72ACD53FA00FFD27C /* SlideCell.swift */,
				66AD92E82ACD53FA00FFD27C /* SlideCell.xib */,
			);
			path = SlideCell;
			sourceTree = "<group>";
		};
		66AD92EC2ACD570800FFD27C /* ProductByGroupCell */ = {
			isa = PBXGroup;
			children = (
				66AD92ED2ACD579000FFD27C /* ProductByGroupCell.swift */,
				66AD92EE2ACD579000FFD27C /* ProductByGroupCell.xib */,
			);
			path = ProductByGroupCell;
			sourceTree = "<group>";
		};
		66AD92F12ACD57A900FFD27C /* SectionView */ = {
			isa = PBXGroup;
			children = (
				66AD92F72ACD720000FFD27C /* SectionView.swift */,
				66AD92F92ACD720F00FFD27C /* SectionView.xib */,
			);
			path = SectionView;
			sourceTree = "<group>";
		};
		66AD92F22ACD57E300FFD27C /* ProductCell */ = {
			isa = PBXGroup;
			children = (
				66AD92F32ACD583400FFD27C /* ProductCell.swift */,
				66AD92F42ACD583400FFD27C /* ProductCell.xib */,
			);
			path = ProductCell;
			sourceTree = "<group>";
		};
		66AD92FB2ACD7E2D00FFD27C /* NavigationView */ = {
			isa = PBXGroup;
			children = (
			);
			path = NavigationView;
			sourceTree = "<group>";
		};
		66AD92FC2ACD7F0E00FFD27C /* SlideView */ = {
			isa = PBXGroup;
			children = (
				66AD92FD2ACD7F7600FFD27C /* SliderView.swift */,
				66AD92FF2ACD7F8600FFD27C /* SliderView.xib */,
			);
			path = SlideView;
			sourceTree = "<group>";
		};
		66AD93012ACE3F8700FFD27C /* CategoryView */ = {
			isa = PBXGroup;
			children = (
				66AD93022ACE3FA500FFD27C /* CategoryView.swift */,
				66AD93042ACE3FB000FFD27C /* CategoryView.xib */,
			);
			path = CategoryView;
			sourceTree = "<group>";
		};
		66AD93062ACE413400FFD27C /* CategoryCell */ = {
			isa = PBXGroup;
			children = (
				66AD93072ACE415C00FFD27C /* CategoryCell.swift */,
				66AD93082ACE415C00FFD27C /* CategoryCell.xib */,
			);
			path = CategoryCell;
			sourceTree = "<group>";
		};
		66AD930B2ACE47AD00FFD27C /* Detail */ = {
			isa = PBXGroup;
			children = (
				66AD930C2ACE481600FFD27C /* DetailViewController.swift */,
				66AD930D2ACE481600FFD27C /* DetailViewController.xib */,
			);
			path = Detail;
			sourceTree = "<group>";
		};
		66AD93102ACE4DBB00FFD27C /* DropDownView */ = {
			isa = PBXGroup;
			children = (
				66AD93112ACE4DE200FFD27C /* DropDownView.swift */,
				66AD93132ACE4E1D00FFD27C /* DropDownView.xib */,
			);
			path = DropDownView;
			sourceTree = "<group>";
		};
		66AD93152ACE556400FFD27C /* ProductNameView */ = {
			isa = PBXGroup;
			children = (
				66AD93162ACE55C200FFD27C /* ProductNameView.swift */,
				66AD93182ACE55CF00FFD27C /* ProductNameView.xib */,
			);
			path = ProductNameView;
			sourceTree = "<group>";
		};
		66AD931C2ACE979800FFD27C /* Explore */ = {
			isa = PBXGroup;
			children = (
				66AD931D2ACE980000FFD27C /* ExploreViewController.swift */,
				66AD931E2ACE980000FFD27C /* ExploreViewController.xib */,
			);
			path = Explore;
			sourceTree = "<group>";
		};
		66AD93212ACE9AD900FFD27C /* CategoryCollectionCell */ = {
			isa = PBXGroup;
			children = (
				66AD93262ACE9CED00FFD27C /* CategoryCollectionCell.swift */,
				66AD93272ACE9CED00FFD27C /* CategoryCollectionCell.xib */,
			);
			path = CategoryCollectionCell;
			sourceTree = "<group>";
		};
		66AD932A2ACEA81A00FFD27C /* Group */ = {
			isa = PBXGroup;
			children = (
				66AD932B2ACEA85400FFD27C /* GroupViewController.swift */,
				66AD932C2ACEA85400FFD27C /* GroupViewController.xib */,
			);
			path = Group;
			sourceTree = "<group>";
		};
		66AD932F2ACEAE6E00FFD27C /* Filter */ = {
			isa = PBXGroup;
			children = (
				66AD93302ACEAEC700FFD27C /* FilterViewController.swift */,
				66AD93312ACEAEC700FFD27C /* FilterViewController.xib */,
			);
			path = Filter;
			sourceTree = "<group>";
		};
		66E719D92ACEB5F300000F79 /* FilterItemCell */ = {
			isa = PBXGroup;
			children = (
				66E719DC2ACEB75000000F79 /* FilterItemCell.swift */,
				66E719DD2ACEB75000000F79 /* FilterItemCell.xib */,
			);
			path = FilterItemCell;
			sourceTree = "<group>";
		};
		66E719DA2ACEB5FF00000F79 /* CartItemCell */ = {
			isa = PBXGroup;
			children = (
				66E719E02ACEBB1900000F79 /* CartItemCell.swift */,
				66E719E12ACEBB1900000F79 /* CartItemCell.xib */,
			);
			path = CartItemCell;
			sourceTree = "<group>";
		};
		66E719DB2ACEB60D00000F79 /* FavoriteItemCell */ = {
			isa = PBXGroup;
			children = (
				66E719E42ACEE54800000F79 /* FavoriteItemCell.swift */,
				66E719E52ACEE54800000F79 /* FavoriteItemCell.xib */,
			);
			path = FavoriteItemCell;
			sourceTree = "<group>";
		};
/* End PBXGroup section */

/* Begin PBXNativeTarget section */
		66AD929B2ACD4AF200FFD27C /* CafeNghen */ = {
			isa = PBXNativeTarget;
			buildConfigurationList = 66AD92C62ACD4AF400FFD27C /* Build configuration list for PBXNativeTarget "CafeNghen" */;
			buildPhases = (
				66AD92982ACD4AF200FFD27C /* Sources */,
				66AD92992ACD4AF200FFD27C /* Frameworks */,
				66AD929A2ACD4AF200FFD27C /* Resources */,
			);
			buildRules = (
			);
			dependencies = (
			);
			name = CafeNghen;
			productName = CafeNghen;
			productReference = 66AD929C2ACD4AF200FFD27C /* CafeNghen.app */;
			productType = "com.apple.product-type.application";
		};
		66AD92B12ACD4AF400FFD27C /* CafeNghenTests */ = {
			isa = PBXNativeTarget;
			buildConfigurationList = 66AD92C92ACD4AF400FFD27C /* Build configuration list for PBXNativeTarget "CafeNghenTests" */;
			buildPhases = (
				66AD92AE2ACD4AF400FFD27C /* Sources */,
				66AD92AF2ACD4AF400FFD27C /* Frameworks */,
				66AD92B02ACD4AF400FFD27C /* Resources */,
			);
			buildRules = (
			);
			dependencies = (
				66AD92B42ACD4AF400FFD27C /* PBXTargetDependency */,
			);
			name = CafeNghenTests;
			productName = CafeNghenTests;
			productReference = 66AD92B22ACD4AF400FFD27C /* CafeNghenTests.xctest */;
			productType = "com.apple.product-type.bundle.unit-test";
		};
		66AD92BB2ACD4AF400FFD27C /* CafeNghenUITests */ = {
			isa = PBXNativeTarget;
			buildConfigurationList = 66AD92CC2ACD4AF400FFD27C /* Build configuration list for PBXNativeTarget "CafeNghenUITests" */;
			buildPhases = (
				66AD92B82ACD4AF400FFD27C /* Sources */,
				66AD92B92ACD4AF400FFD27C /* Frameworks */,
				66AD92BA2ACD4AF400FFD27C /* Resources */,
			);
			buildRules = (
			);
			dependencies = (
				66AD92BE2ACD4AF400FFD27C /* PBXTargetDependency */,
			);
			name = CafeNghenUITests;
			productName = CafeNghenUITests;
			productReference = 66AD92BC2ACD4AF400FFD27C /* CafeNghenUITests.xctest */;
			productType = "com.apple.product-type.bundle.ui-testing";
		};
/* End PBXNativeTarget section */

/* Begin PBXProject section */
		66AD92942ACD4AF200FFD27C /* Project object */ = {
			isa = PBXProject;
			attributes = {
				BuildIndependentTargetsInParallel = 1;
				LastSwiftUpdateCheck = 1500;
				LastUpgradeCheck = 1500;
				TargetAttributes = {
					66AD929B2ACD4AF200FFD27C = {
						CreatedOnToolsVersion = 15.0;
					};
					66AD92B12ACD4AF400FFD27C = {
						CreatedOnToolsVersion = 15.0;
						TestTargetID = 66AD929B2ACD4AF200FFD27C;
					};
					66AD92BB2ACD4AF400FFD27C = {
						CreatedOnToolsVersion = 15.0;
						TestTargetID = 66AD929B2ACD4AF200FFD27C;
					};
				};
			};
			buildConfigurationList = 66AD92972ACD4AF200FFD27C /* Build configuration list for PBXProject "CafeNghen" */;
			compatibilityVersion = "Xcode 14.0";
			developmentRegion = en;
			hasScannedForEncodings = 0;
			knownRegions = (
				en,
				Base,
			);
			mainGroup = 66AD92932ACD4AF200FFD27C;
			productRefGroup = 66AD929D2ACD4AF200FFD27C /* Products */;
			projectDirPath = "";
			projectRoot = "";
			targets = (
				66AD929B2ACD4AF200FFD27C /* CafeNghen */,
				66AD92B12ACD4AF400FFD27C /* CafeNghenTests */,
				66AD92BB2ACD4AF400FFD27C /* CafeNghenUITests */,
			);
		};
/* End PBXProject section */

/* Begin PBXResourcesBuildPhase section */
		66AD929A2ACD4AF200FFD27C /* Resources */ = {
			isa = PBXResourcesBuildPhase;
			buildActionMask = 2147483647;
			files = (
				66E719DF2ACEB75000000F79 /* FilterItemCell.xib in Resources */,
				66AD92AC2ACD4AF300FFD27C /* LaunchScreen.storyboard in Resources */,
				66AD93052ACE3FB000FFD27C /* CategoryView.xib in Resources */,
				665AB78E2ACFE08200328192 /* OrderStatusView.xib in Resources */,
				66E719E32ACEBB1900000F79 /* CartItemCell.xib in Resources */,
				66AD92A92ACD4AF300FFD27C /* Assets.xcassets in Resources */,
				66AD92D72ACD4E6000FFD27C /* HomeViewController.xib in Resources */,
				665AB7972ACFFCA800328192 /* AccountViewController.xib in Resources */,
				66AD932E2ACEA85400FFD27C /* GroupViewController.xib in Resources */,
				665AB7932ACFF68200328192 /* InfoView.xib in Resources */,
				66AD930F2ACE481600FFD27C /* DetailViewController.xib in Resources */,
				66E719E72ACEE54800000F79 /* FavoriteItemCell.xib in Resources */,
				66AD92F62ACD583400FFD27C /* ProductCell.xib in Resources */,
				66AD930A2ACE415C00FFD27C /* CategoryCell.xib in Resources */,
				66AD93192ACE55CF00FFD27C /* ProductNameView.xib in Resources */,
				66AD92F02ACD579000FFD27C /* ProductByGroupCell.xib in Resources */,
				665AB7852ACFDBFD00328192 /* AccountItemCell.xib in Resources */,
				66AD93332ACEAEC700FFD27C /* FilterViewController.xib in Resources */,
				66AD93002ACD7F8600FFD27C /* SliderView.xib in Resources */,
				66AD93142ACE4E1D00FFD27C /* DropDownView.xib in Resources */,
				665AB79B2AD009B800328192 /* CheckoutViewController.xib in Resources */,
				665AB77D2ACFC11200328192 /* FavoritesViewController.xib in Resources */,
				665AB7892ACFDDE100328192 /* CheckoutItemCell.xib in Resources */,
				66AD92FA2ACD720F00FFD27C /* SectionView.xib in Resources */,
				66AD93202ACE980000FFD27C /* ExploreViewController.xib in Resources */,
				66AD93292ACE9CED00FFD27C /* CategoryCollectionCell.xib in Resources */,
				665AB7792ACFB12200328192 /* CartViewController.xib in Resources */,
				66AD92EA2ACD53FA00FFD27C /* SlideCell.xib in Resources */,
			);
			runOnlyForDeploymentPostprocessing = 0;
		};
		66AD92B02ACD4AF400FFD27C /* Resources */ = {
			isa = PBXResourcesBuildPhase;
			buildActionMask = 2147483647;
			files = (
			);
			runOnlyForDeploymentPostprocessing = 0;
		};
		66AD92BA2ACD4AF400FFD27C /* Resources */ = {
			isa = PBXResourcesBuildPhase;
			buildActionMask = 2147483647;
			files = (
			);
			runOnlyForDeploymentPostprocessing = 0;
		};
/* End PBXResourcesBuildPhase section */

/* Begin PBXSourcesBuildPhase section */
		66AD92982ACD4AF200FFD27C /* Sources */ = {
			isa = PBXSourcesBuildPhase;
			buildActionMask = 2147483647;
			files = (
				66E719E22ACEBB1900000F79 /* CartItemCell.swift in Sources */,
				66AD930E2ACE481600FFD27C /* DetailViewController.swift in Sources */,
				66E719E62ACEE54800000F79 /* FavoriteItemCell.swift in Sources */,
				66AD92E02ACD52EF00FFD27C /* UITableView+Extention.swift in Sources */,
				665AB7782ACFB12200328192 /* CartViewController.swift in Sources */,
				66AD92E92ACD53FA00FFD27C /* SlideCell.swift in Sources */,
				66E719DE2ACEB75000000F79 /* FilterItemCell.swift in Sources */,
				66AD93122ACE4DE200FFD27C /* DropDownView.swift in Sources */,
				665AB77C2ACFC11200328192 /* FavoritesViewController.swift in Sources */,
				665AB7912ACFF67800328192 /* InfoView.swift in Sources */,
				66AD92F82ACD720000FFD27C /* SectionView.swift in Sources */,
				66AD92EF2ACD579000FFD27C /* ProductByGroupCell.swift in Sources */,
				66AD931B2ACE723D00FFD27C /* UIButton+Extention.swift in Sources */,
				66AD931F2ACE980000FFD27C /* ExploreViewController.swift in Sources */,
				66AD92E22ACD530A00FFD27C /* UICollectionView+Extention.swift in Sources */,
				66AD93282ACE9CED00FFD27C /* CategoryCollectionCell.swift in Sources */,
				66AD93032ACE3FA500FFD27C /* CategoryView.swift in Sources */,
				66AD92A02ACD4AF200FFD27C /* AppDelegate.swift in Sources */,
				66AD93172ACE55C200FFD27C /* ProductNameView.swift in Sources */,
				665AB79A2AD009B700328192 /* CheckoutViewController.swift in Sources */,
				66AD932D2ACEA85400FFD27C /* GroupViewController.swift in Sources */,
				665AB78C2ACFE07B00328192 /* OrderStatusView.swift in Sources */,
				66AD93322ACEAEC700FFD27C /* FilterViewController.swift in Sources */,
				66AD92F52ACD583400FFD27C /* ProductCell.swift in Sources */,
				66AD92D62ACD4E6000FFD27C /* HomeViewController.swift in Sources */,
				665AB7842ACFDBFD00328192 /* AccountItemCell.swift in Sources */,
				66AD92DE2ACD52D800FFD27C /* ClassName+Extention.swift in Sources */,
				665AB7962ACFFCA800328192 /* AccountViewController.swift in Sources */,
				66AD92FE2ACD7F7600FFD27C /* SliderView.swift in Sources */,
				66AD93092ACE415C00FFD27C /* CategoryCell.swift in Sources */,
				665AB7882ACFDDE100328192 /* CheckoutItemCell.swift in Sources */,
			);
			runOnlyForDeploymentPostprocessing = 0;
		};
		66AD92AE2ACD4AF400FFD27C /* Sources */ = {
			isa = PBXSourcesBuildPhase;
			buildActionMask = 2147483647;
			files = (
				66AD92B72ACD4AF400FFD27C /* CafeNghenTests.swift in Sources */,
			);
			runOnlyForDeploymentPostprocessing = 0;
		};
		66AD92B82ACD4AF400FFD27C /* Sources */ = {
			isa = PBXSourcesBuildPhase;
			buildActionMask = 2147483647;
			files = (
				66AD92C32ACD4AF400FFD27C /* CafeNghenUITestsLaunchTests.swift in Sources */,
				66AD92C12ACD4AF400FFD27C /* CafeNghenUITests.swift in Sources */,
			);
			runOnlyForDeploymentPostprocessing = 0;
		};
/* End PBXSourcesBuildPhase section */

/* Begin PBXTargetDependency section */
		66AD92B42ACD4AF400FFD27C /* PBXTargetDependency */ = {
			isa = PBXTargetDependency;
			target = 66AD929B2ACD4AF200FFD27C /* CafeNghen */;
			targetProxy = 66AD92B32ACD4AF400FFD27C /* PBXContainerItemProxy */;
		};
		66AD92BE2ACD4AF400FFD27C /* PBXTargetDependency */ = {
			isa = PBXTargetDependency;
			target = 66AD929B2ACD4AF200FFD27C /* CafeNghen */;
			targetProxy = 66AD92BD2ACD4AF400FFD27C /* PBXContainerItemProxy */;
		};
/* End PBXTargetDependency section */

/* Begin PBXVariantGroup section */
		66AD92AA2ACD4AF300FFD27C /* LaunchScreen.storyboard */ = {
			isa = PBXVariantGroup;
			children = (
				66AD92AB2ACD4AF300FFD27C /* Base */,
			);
			name = LaunchScreen.storyboard;
			sourceTree = "<group>";
		};
/* End PBXVariantGroup section */

/* Begin XCBuildConfiguration section */
		66AD92C42ACD4AF400FFD27C /* Debug */ = {
			isa = XCBuildConfiguration;
			buildSettings = {
				ALWAYS_SEARCH_USER_PATHS = NO;
				ASSETCATALOG_COMPILER_GENERATE_SWIFT_ASSET_SYMBOL_EXTENSIONS = YES;
				CLANG_ANALYZER_NONNULL = YES;
				CLANG_ANALYZER_NUMBER_OBJECT_CONVERSION = YES_AGGRESSIVE;
				CLANG_CXX_LANGUAGE_STANDARD = "gnu++20";
				CLANG_ENABLE_MODULES = YES;
				CLANG_ENABLE_OBJC_ARC = YES;
				CLANG_ENABLE_OBJC_WEAK = YES;
				CLANG_WARN_BLOCK_CAPTURE_AUTORELEASING = YES;
				CLANG_WARN_BOOL_CONVERSION = YES;
				CLANG_WARN_COMMA = YES;
				CLANG_WARN_CONSTANT_CONVERSION = YES;
				CLANG_WARN_DEPRECATED_OBJC_IMPLEMENTATIONS = YES;
				CLANG_WARN_DIRECT_OBJC_ISA_USAGE = YES_ERROR;
				CLANG_WARN_DOCUMENTATION_COMMENTS = YES;
				CLANG_WARN_EMPTY_BODY = YES;
				CLANG_WARN_ENUM_CONVERSION = YES;
				CLANG_WARN_INFINITE_RECURSION = YES;
				CLANG_WARN_INT_CONVERSION = YES;
				CLANG_WARN_NON_LITERAL_NULL_CONVERSION = YES;
				CLANG_WARN_OBJC_IMPLICIT_RETAIN_SELF = YES;
				CLANG_WARN_OBJC_LITERAL_CONVERSION = YES;
				CLANG_WARN_OBJC_ROOT_CLASS = YES_ERROR;
				CLANG_WARN_QUOTED_INCLUDE_IN_FRAMEWORK_HEADER = YES;
				CLANG_WARN_RANGE_LOOP_ANALYSIS = YES;
				CLANG_WARN_STRICT_PROTOTYPES = YES;
				CLANG_WARN_SUSPICIOUS_MOVE = YES;
				CLANG_WARN_UNGUARDED_AVAILABILITY = YES_AGGRESSIVE;
				CLANG_WARN_UNREACHABLE_CODE = YES;
				CLANG_WARN__DUPLICATE_METHOD_MATCH = YES;
				COPY_PHASE_STRIP = NO;
				DEBUG_INFORMATION_FORMAT = dwarf;
				ENABLE_STRICT_OBJC_MSGSEND = YES;
				ENABLE_TESTABILITY = YES;
				ENABLE_USER_SCRIPT_SANDBOXING = YES;
				GCC_C_LANGUAGE_STANDARD = gnu17;
				GCC_DYNAMIC_NO_PIC = NO;
				GCC_NO_COMMON_BLOCKS = YES;
				GCC_OPTIMIZATION_LEVEL = 0;
				GCC_PREPROCESSOR_DEFINITIONS = (
					"DEBUG=1",
					"$(inherited)",
				);
				GCC_WARN_64_TO_32_BIT_CONVERSION = YES;
				GCC_WARN_ABOUT_RETURN_TYPE = YES_ERROR;
				GCC_WARN_UNDECLARED_SELECTOR = YES;
				GCC_WARN_UNINITIALIZED_AUTOS = YES_AGGRESSIVE;
				GCC_WARN_UNUSED_FUNCTION = YES;
				GCC_WARN_UNUSED_VARIABLE = YES;
				IPHONEOS_DEPLOYMENT_TARGET = 17.0;
				LOCALIZATION_PREFERS_STRING_CATALOGS = YES;
				MTL_ENABLE_DEBUG_INFO = INCLUDE_SOURCE;
				MTL_FAST_MATH = YES;
				ONLY_ACTIVE_ARCH = YES;
				SDKROOT = iphoneos;
				SWIFT_ACTIVE_COMPILATION_CONDITIONS = "DEBUG $(inherited)";
				SWIFT_OPTIMIZATION_LEVEL = "-Onone";
			};
			name = Debug;
		};
		66AD92C52ACD4AF400FFD27C /* Release */ = {
			isa = XCBuildConfiguration;
			buildSettings = {
				ALWAYS_SEARCH_USER_PATHS = NO;
				ASSETCATALOG_COMPILER_GENERATE_SWIFT_ASSET_SYMBOL_EXTENSIONS = YES;
				CLANG_ANALYZER_NONNULL = YES;
				CLANG_ANALYZER_NUMBER_OBJECT_CONVERSION = YES_AGGRESSIVE;
				CLANG_CXX_LANGUAGE_STANDARD = "gnu++20";
				CLANG_ENABLE_MODULES = YES;
				CLANG_ENABLE_OBJC_ARC = YES;
				CLANG_ENABLE_OBJC_WEAK = YES;
				CLANG_WARN_BLOCK_CAPTURE_AUTORELEASING = YES;
				CLANG_WARN_BOOL_CONVERSION = YES;
				CLANG_WARN_COMMA = YES;
				CLANG_WARN_CONSTANT_CONVERSION = YES;
				CLANG_WARN_DEPRECATED_OBJC_IMPLEMENTATIONS = YES;
				CLANG_WARN_DIRECT_OBJC_ISA_USAGE = YES_ERROR;
				CLANG_WARN_DOCUMENTATION_COMMENTS = YES;
				CLANG_WARN_EMPTY_BODY = YES;
				CLANG_WARN_ENUM_CONVERSION = YES;
				CLANG_WARN_INFINITE_RECURSION = YES;
				CLANG_WARN_INT_CONVERSION = YES;
				CLANG_WARN_NON_LITERAL_NULL_CONVERSION = YES;
				CLANG_WARN_OBJC_IMPLICIT_RETAIN_SELF = YES;
				CLANG_WARN_OBJC_LITERAL_CONVERSION = YES;
				CLANG_WARN_OBJC_ROOT_CLASS = YES_ERROR;
				CLANG_WARN_QUOTED_INCLUDE_IN_FRAMEWORK_HEADER = YES;
				CLANG_WARN_RANGE_LOOP_ANALYSIS = YES;
				CLANG_WARN_STRICT_PROTOTYPES = YES;
				CLANG_WARN_SUSPICIOUS_MOVE = YES;
				CLANG_WARN_UNGUARDED_AVAILABILITY = YES_AGGRESSIVE;
				CLANG_WARN_UNREACHABLE_CODE = YES;
				CLANG_WARN__DUPLICATE_METHOD_MATCH = YES;
				COPY_PHASE_STRIP = NO;
				DEBUG_INFORMATION_FORMAT = "dwarf-with-dsym";
				ENABLE_NS_ASSERTIONS = NO;
				ENABLE_STRICT_OBJC_MSGSEND = YES;
				ENABLE_USER_SCRIPT_SANDBOXING = YES;
				GCC_C_LANGUAGE_STANDARD = gnu17;
				GCC_NO_COMMON_BLOCKS = YES;
				GCC_WARN_64_TO_32_BIT_CONVERSION = YES;
				GCC_WARN_ABOUT_RETURN_TYPE = YES_ERROR;
				GCC_WARN_UNDECLARED_SELECTOR = YES;
				GCC_WARN_UNINITIALIZED_AUTOS = YES_AGGRESSIVE;
				GCC_WARN_UNUSED_FUNCTION = YES;
				GCC_WARN_UNUSED_VARIABLE = YES;
				IPHONEOS_DEPLOYMENT_TARGET = 17.0;
				LOCALIZATION_PREFERS_STRING_CATALOGS = YES;
				MTL_ENABLE_DEBUG_INFO = NO;
				MTL_FAST_MATH = YES;
				SDKROOT = iphoneos;
				SWIFT_COMPILATION_MODE = wholemodule;
				VALIDATE_PRODUCT = YES;
			};
			name = Release;
		};
		66AD92C72ACD4AF400FFD27C /* Debug */ = {
			isa = XCBuildConfiguration;
			buildSettings = {
				ASSETCATALOG_COMPILER_APPICON_NAME = AppIcon;
				ASSETCATALOG_COMPILER_GLOBAL_ACCENT_COLOR_NAME = AccentColor;
				CODE_SIGN_STYLE = Automatic;
				CURRENT_PROJECT_VERSION = 1;
				DEVELOPMENT_TEAM = Z839S848GQ;
				GENERATE_INFOPLIST_FILE = YES;
				INFOPLIST_FILE = CafeNghen/Supports/Info.plist;
				INFOPLIST_KEY_UIApplicationSupportsIndirectInputEvents = YES;
				INFOPLIST_KEY_UILaunchStoryboardName = LaunchScreen;
				INFOPLIST_KEY_UIMainStoryboardFile = "";
				INFOPLIST_KEY_UISupportedInterfaceOrientations_iPad = "UIInterfaceOrientationPortrait UIInterfaceOrientationPortraitUpsideDown UIInterfaceOrientationLandscapeLeft UIInterfaceOrientationLandscapeRight";
				INFOPLIST_KEY_UISupportedInterfaceOrientations_iPhone = "UIInterfaceOrientationPortrait UIInterfaceOrientationLandscapeLeft UIInterfaceOrientationLandscapeRight";
				IPHONEOS_DEPLOYMENT_TARGET = 13.0;
				LD_RUNPATH_SEARCH_PATHS = (
					"$(inherited)",
					"@executable_path/Frameworks",
				);
				MARKETING_VERSION = 1.0;
				PRODUCT_BUNDLE_IDENTIFIER = com.vankhanhvuong.CafeNghen;
				PRODUCT_NAME = "$(TARGET_NAME)";
				SUPPORTED_PLATFORMS = "iphoneos iphonesimulator";
				SUPPORTS_MACCATALYST = NO;
				SUPPORTS_MAC_DESIGNED_FOR_IPHONE_IPAD = NO;
				SWIFT_EMIT_LOC_STRINGS = YES;
				SWIFT_VERSION = 5.0;
				TARGETED_DEVICE_FAMILY = "1,2";
			};
			name = Debug;
		};
		66AD92C82ACD4AF400FFD27C /* Release */ = {
			isa = XCBuildConfiguration;
			buildSettings = {
				ASSETCATALOG_COMPILER_APPICON_NAME = AppIcon;
				ASSETCATALOG_COMPILER_GLOBAL_ACCENT_COLOR_NAME = AccentColor;
				CODE_SIGN_STYLE = Automatic;
				CURRENT_PROJECT_VERSION = 1;
				DEVELOPMENT_TEAM = Z839S848GQ;
				GENERATE_INFOPLIST_FILE = YES;
				INFOPLIST_FILE = CafeNghen/Supports/Info.plist;
				INFOPLIST_KEY_UIApplicationSupportsIndirectInputEvents = YES;
				INFOPLIST_KEY_UILaunchStoryboardName = LaunchScreen;
				INFOPLIST_KEY_UIMainStoryboardFile = "";
				INFOPLIST_KEY_UISupportedInterfaceOrientations_iPad = "UIInterfaceOrientationPortrait UIInterfaceOrientationPortraitUpsideDown UIInterfaceOrientationLandscapeLeft UIInterfaceOrientationLandscapeRight";
				INFOPLIST_KEY_UISupportedInterfaceOrientations_iPhone = "UIInterfaceOrientationPortrait UIInterfaceOrientationLandscapeLeft UIInterfaceOrientationLandscapeRight";
				IPHONEOS_DEPLOYMENT_TARGET = 13.0;
				LD_RUNPATH_SEARCH_PATHS = (
					"$(inherited)",
					"@executable_path/Frameworks",
				);
				MARKETING_VERSION = 1.0;
				PRODUCT_BUNDLE_IDENTIFIER = com.vankhanhvuong.CafeNghen;
				PRODUCT_NAME = "$(TARGET_NAME)";
				SUPPORTED_PLATFORMS = "iphoneos iphonesimulator";
				SUPPORTS_MACCATALYST = NO;
				SUPPORTS_MAC_DESIGNED_FOR_IPHONE_IPAD = NO;
				SWIFT_EMIT_LOC_STRINGS = YES;
				SWIFT_VERSION = 5.0;
				TARGETED_DEVICE_FAMILY = "1,2";
			};
			name = Release;
		};
		66AD92CA2ACD4AF400FFD27C /* Debug */ = {
			isa = XCBuildConfiguration;
			buildSettings = {
				ALWAYS_EMBED_SWIFT_STANDARD_LIBRARIES = YES;
				BUNDLE_LOADER = "$(TEST_HOST)";
				CODE_SIGN_STYLE = Automatic;
				CURRENT_PROJECT_VERSION = 1;
				DEVELOPMENT_TEAM = Z839S848GQ;
				GENERATE_INFOPLIST_FILE = YES;
				IPHONEOS_DEPLOYMENT_TARGET = 17.0;
				MARKETING_VERSION = 1.0;
				PRODUCT_BUNDLE_IDENTIFIER = com.vankhanhvuong.CafeNghenTests;
				PRODUCT_NAME = "$(TARGET_NAME)";
				SWIFT_EMIT_LOC_STRINGS = NO;
				SWIFT_VERSION = 5.0;
				TARGETED_DEVICE_FAMILY = "1,2";
				TEST_HOST = "$(BUILT_PRODUCTS_DIR)/CafeNghen.app/$(BUNDLE_EXECUTABLE_FOLDER_PATH)/CafeNghen";
			};
			name = Debug;
		};
		66AD92CB2ACD4AF400FFD27C /* Release */ = {
			isa = XCBuildConfiguration;
			buildSettings = {
				ALWAYS_EMBED_SWIFT_STANDARD_LIBRARIES = YES;
				BUNDLE_LOADER = "$(TEST_HOST)";
				CODE_SIGN_STYLE = Automatic;
				CURRENT_PROJECT_VERSION = 1;
				DEVELOPMENT_TEAM = Z839S848GQ;
				GENERATE_INFOPLIST_FILE = YES;
				IPHONEOS_DEPLOYMENT_TARGET = 17.0;
				MARKETING_VERSION = 1.0;
				PRODUCT_BUNDLE_IDENTIFIER = com.vankhanhvuong.CafeNghenTests;
				PRODUCT_NAME = "$(TARGET_NAME)";
				SWIFT_EMIT_LOC_STRINGS = NO;
				SWIFT_VERSION = 5.0;
				TARGETED_DEVICE_FAMILY = "1,2";
				TEST_HOST = "$(BUILT_PRODUCTS_DIR)/CafeNghen.app/$(BUNDLE_EXECUTABLE_FOLDER_PATH)/CafeNghen";
			};
			name = Release;
		};
		66AD92CD2ACD4AF400FFD27C /* Debug */ = {
			isa = XCBuildConfiguration;
			buildSettings = {
				ALWAYS_EMBED_SWIFT_STANDARD_LIBRARIES = YES;
				CODE_SIGN_STYLE = Automatic;
				CURRENT_PROJECT_VERSION = 1;
				DEVELOPMENT_TEAM = Z839S848GQ;
				GENERATE_INFOPLIST_FILE = YES;
				MARKETING_VERSION = 1.0;
				PRODUCT_BUNDLE_IDENTIFIER = com.vankhanhvuong.CafeNghenUITests;
				PRODUCT_NAME = "$(TARGET_NAME)";
				SWIFT_EMIT_LOC_STRINGS = NO;
				SWIFT_VERSION = 5.0;
				TARGETED_DEVICE_FAMILY = "1,2";
				TEST_TARGET_NAME = CafeNghen;
			};
			name = Debug;
		};
		66AD92CE2ACD4AF400FFD27C /* Release */ = {
			isa = XCBuildConfiguration;
			buildSettings = {
				ALWAYS_EMBED_SWIFT_STANDARD_LIBRARIES = YES;
				CODE_SIGN_STYLE = Automatic;
				CURRENT_PROJECT_VERSION = 1;
				DEVELOPMENT_TEAM = Z839S848GQ;
				GENERATE_INFOPLIST_FILE = YES;
				MARKETING_VERSION = 1.0;
				PRODUCT_BUNDLE_IDENTIFIER = com.vankhanhvuong.CafeNghenUITests;
				PRODUCT_NAME = "$(TARGET_NAME)";
				SWIFT_EMIT_LOC_STRINGS = NO;
				SWIFT_VERSION = 5.0;
				TARGETED_DEVICE_FAMILY = "1,2";
				TEST_TARGET_NAME = CafeNghen;
			};
			name = Release;
		};
/* End XCBuildConfiguration section */

/* Begin XCConfigurationList section */
		66AD92972ACD4AF200FFD27C /* Build configuration list for PBXProject "CafeNghen" */ = {
			isa = XCConfigurationList;
			buildConfigurations = (
				66AD92C42ACD4AF400FFD27C /* Debug */,
				66AD92C52ACD4AF400FFD27C /* Release */,
			);
			defaultConfigurationIsVisible = 0;
			defaultConfigurationName = Release;
		};
		66AD92C62ACD4AF400FFD27C /* Build configuration list for PBXNativeTarget "CafeNghen" */ = {
			isa = XCConfigurationList;
			buildConfigurations = (
				66AD92C72ACD4AF400FFD27C /* Debug */,
				66AD92C82ACD4AF400FFD27C /* Release */,
			);
			defaultConfigurationIsVisible = 0;
			defaultConfigurationName = Release;
		};
		66AD92C92ACD4AF400FFD27C /* Build configuration list for PBXNativeTarget "CafeNghenTests" */ = {
			isa = XCConfigurationList;
			buildConfigurations = (
				66AD92CA2ACD4AF400FFD27C /* Debug */,
				66AD92CB2ACD4AF400FFD27C /* Release */,
			);
			defaultConfigurationIsVisible = 0;
			defaultConfigurationName = Release;
		};
		66AD92CC2ACD4AF400FFD27C /* Build configuration list for PBXNativeTarget "CafeNghenUITests" */ = {
			isa = XCConfigurationList;
			buildConfigurations = (
				66AD92CD2ACD4AF400FFD27C /* Debug */,
				66AD92CE2ACD4AF400FFD27C /* Release */,
			);
			defaultConfigurationIsVisible = 0;
			defaultConfigurationName = Release;
		};
/* End XCConfigurationList section */
	};
	rootObject = 66AD92942ACD4AF200FFD27C /* Project object */;
}
