// !$*UTF8*$!
{
	archiveVersion = 1;
	classes = {
	};
	objectVersion = 56;
	objects = {

/* Begin PBXBuildFile section */
		66AD92A02ACD4AF200FFD27C /* AppDelegate.swift in Sources */ = {isa = PBXBuildFile; fileRef = 66AD929F2ACD4AF200FFD27C /* AppDelegate.swift */; };
		66AD92A92ACD4AF300FFD27C /* Assets.xcassets in Resources */ = {isa = PBXBuildFile; fileRef = 66AD92A82ACD4AF300FFD27C /* Assets.xcassets */; };
		66AD92AC2ACD4AF300FFD27C /* LaunchScreen.storyboard in Resources */ = {isa = PBXBuildFile; fileRef = 66AD92AA2ACD4AF300FFD27C /* LaunchScreen.storyboard */; };
		66AD92B72ACD4AF400FFD27C /* CafeNghenTests.swift in Sources */ = {isa = PBXBuildFile; fileRef = 66AD92B62ACD4AF400FFD27C /* CafeNghenTests.swift */; };
		66AD92C12ACD4AF400FFD27C /* CafeNghenUITests.swift in Sources */ = {isa = PBXBuildFile; fileRef = 66AD92C02ACD4AF400FFD27C /* CafeNghenUITests.swift */; };
		66AD92C32ACD4AF400FFD27C /* CafeNghenUITestsLaunchTests.swift in Sources */ = {isa = PBXBuildFile; fileRef = 66AD92C22ACD4AF400FFD27C /* CafeNghenUITestsLaunchTests.swift */; };
		66AD92D62ACD4E6000FFD27C /* HomeViewController.swift in Sources */ = {isa = PBXBuildFile; fileRef = 66AD92D42ACD4E6000FFD27C /* HomeViewController.swift */; };
		66AD92D72ACD4E6000FFD27C /* HomeViewController.xib in Resources */ = {isa = PBXBuildFile; fileRef = 66AD92D52ACD4E6000FFD27C /* HomeViewController.xib */; };
/* End PBXBuildFile section */

/* Begin PBXContainerItemProxy section */
		66AD92B32ACD4AF400FFD27C /* PBXContainerItemProxy */ = {
			isa = PBXContainerItemProxy;
			containerPortal = 66AD92942ACD4AF200FFD27C /* Project object */;
			proxyType = 1;
			remoteGlobalIDString = 66AD929B2ACD4AF200FFD27C;
			remoteInfo = CafeNghen;
		};
		66AD92BD2ACD4AF400FFD27C /* PBXContainerItemProxy */ = {
			isa = PBXContainerItemProxy;
			containerPortal = 66AD92942ACD4AF200FFD27C /* Project object */;
			proxyType = 1;
			remoteGlobalIDString = 66AD929B2ACD4AF200FFD27C;
			remoteInfo = CafeNghen;
		};
/* End PBXContainerItemProxy section */

/* Begin PBXFileReference section */
		66AD929C2ACD4AF200FFD27C /* CafeNghen.app */ = {isa = PBXFileReference; explicitFileType = wrapper.application; includeInIndex = 0; path = CafeNghen.app; sourceTree = BUILT_PRODUCTS_DIR; };
		66AD929F2ACD4AF200FFD27C /* AppDelegate.swift */ = {isa = PBXFileReference; lastKnownFileType = sourcecode.swift; path = AppDelegate.swift; sourceTree = "<group>"; };
		66AD92A82ACD4AF300FFD27C /* Assets.xcassets */ = {isa = PBXFileReference; lastKnownFileType = folder.assetcatalog; path = Assets.xcassets; sourceTree = "<group>"; };
		66AD92AB2ACD4AF300FFD27C /* Base */ = {isa = PBXFileReference; lastKnownFileType = file.storyboard; name = Base; path = Base.lproj/LaunchScreen.storyboard; sourceTree = "<group>"; };
		66AD92AD2ACD4AF300FFD27C /* Info.plist */ = {isa = PBXFileReference; lastKnownFileType = text.plist.xml; path = Info.plist; sourceTree = "<group>"; };
		66AD92B22ACD4AF400FFD27C /* CafeNghenTests.xctest */ = {isa = PBXFileReference; explicitFileType = wrapper.cfbundle; includeInIndex = 0; path = CafeNghenTests.xctest; sourceTree = BUILT_PRODUCTS_DIR; };
		66AD92B62ACD4AF400FFD27C /* CafeNghenTests.swift */ = {isa = PBXFileReference; lastKnownFileType = sourcecode.swift; path = CafeNghenTests.swift; sourceTree = "<group>"; };
		66AD92BC2ACD4AF400FFD27C /* CafeNghenUITests.xctest */ = {isa = PBXFileReference; explicitFileType = wrapper.cfbundle; includeInIndex = 0; path = CafeNghenUITests.xctest; sourceTree = BUILT_PRODUCTS_DIR; };
		66AD92C02ACD4AF400FFD27C /* CafeNghenUITests.swift */ = {isa = PBXFileReference; lastKnownFileType = sourcecode.swift; path = CafeNghenUITests.swift; sourceTree = "<group>"; };
		66AD92C22ACD4AF400FFD27C /* CafeNghenUITestsLaunchTests.swift */ = {isa = PBXFileReference; lastKnownFileType = sourcecode.swift; path = CafeNghenUITestsLaunchTests.swift; sourceTree = "<group>"; };
		66AD92D42ACD4E6000FFD27C /* HomeViewController.swift */ = {isa = PBXFileReference; lastKnownFileType = sourcecode.swift; path = HomeViewController.swift; sourceTree = "<group>"; };
		66AD92D52ACD4E6000FFD27C /* HomeViewController.xib */ = {isa = PBXFileReference; lastKnownFileType = file.xib; path = HomeViewController.xib; sourceTree = "<group>"; };
/* End PBXFileReference section */

/* Begin PBXFrameworksBuildPhase section */
		66AD92992ACD4AF200FFD27C /* Frameworks */ = {
			isa = PBXFrameworksBuildPhase;
			buildActionMask = 2147483647;
			files = (
			);
			runOnlyForDeploymentPostprocessing = 0;
		};
		66AD92AF2ACD4AF400FFD27C /* Frameworks */ = {
			isa = PBXFrameworksBuildPhase;
			buildActionMask = 2147483647;
			files = (
			);
			runOnlyForDeploymentPostprocessing = 0;
		};
		66AD92B92ACD4AF400FFD27C /* Frameworks */ = {
			isa = PBXFrameworksBuildPhase;
			buildActionMask = 2147483647;
			files = (
			);
			runOnlyForDeploymentPostprocessing = 0;
		};
/* End PBXFrameworksBuildPhase section */

/* Begin PBXGroup section */
		66AD92932ACD4AF200FFD27C = {
			isa = PBXGroup;
			children = (
				66AD929E2ACD4AF200FFD27C /* CafeNghen */,
				66AD92B52ACD4AF400FFD27C /* CafeNghenTests */,
				66AD92BF2ACD4AF400FFD27C /* CafeNghenUITests */,
				66AD929D2ACD4AF200FFD27C /* Products */,
			);
			sourceTree = "<group>";
		};
		66AD929D2ACD4AF200FFD27C /* Products */ = {
			isa = PBXGroup;
			children = (
				66AD929C2ACD4AF200FFD27C /* CafeNghen.app */,
				66AD92B22ACD4AF400FFD27C /* CafeNghenTests.xctest */,
				66AD92BC2ACD4AF400FFD27C /* CafeNghenUITests.xctest */,
			);
			name = Products;
			sourceTree = "<group>";
		};
		66AD929E2ACD4AF200FFD27C /* CafeNghen */ = {
			isa = PBXGroup;
			children = (
				66AD92D82ACD4F8C00FFD27C /* Data */,
				66AD92D12ACD4D0A00FFD27C /* Screens */,
				66AD92D02ACD4D0200FFD27C /* Sources */,
				66AD92CF2ACD4CF800FFD27C /* Supports */,
			);
			path = CafeNghen;
			sourceTree = "<group>";
		};
		66AD92B52ACD4AF400FFD27C /* CafeNghenTests */ = {
			isa = PBXGroup;
			children = (
				66AD92B62ACD4AF400FFD27C /* CafeNghenTests.swift */,
			);
			path = CafeNghenTests;
			sourceTree = "<group>";
		};
		66AD92BF2ACD4AF400FFD27C /* CafeNghenUITests */ = {
			isa = PBXGroup;
			children = (
				66AD92C02ACD4AF400FFD27C /* CafeNghenUITests.swift */,
				66AD92C22ACD4AF400FFD27C /* CafeNghenUITestsLaunchTests.swift */,
			);
			path = CafeNghenUITests;
			sourceTree = "<group>";
		};
		66AD92CF2ACD4CF800FFD27C /* Supports */ = {
			isa = PBXGroup;
			children = (
				66AD929F2ACD4AF200FFD27C /* AppDelegate.swift */,
				66AD92AD2ACD4AF300FFD27C /* Info.plist */,
			);
			path = Supports;
			sourceTree = "<group>";
		};
		66AD92D02ACD4D0200FFD27C /* Sources */ = {
			isa = PBXGroup;
			children = (
				66AD92A82ACD4AF300FFD27C /* Assets.xcassets */,
			);
			path = Sources;
			sourceTree = "<group>";
		};
		66AD92D12ACD4D0A00FFD27C /* Screens */ = {
			isa = PBXGroup;
			children = (
				66AD92D32ACD4E5100FFD27C /* Home */,
				66AD92D22ACD4D2E00FFD27C /* Splash */,
			);
			path = Screens;
			sourceTree = "<group>";
		};
		66AD92D22ACD4D2E00FFD27C /* Splash */ = {
			isa = PBXGroup;
			children = (
				66AD92AA2ACD4AF300FFD27C /* LaunchScreen.storyboard */,
			);
			path = Splash;
			sourceTree = "<group>";
		};
		66AD92D32ACD4E5100FFD27C /* Home */ = {
			isa = PBXGroup;
			children = (
				66AD92D42ACD4E6000FFD27C /* HomeViewController.swift */,
				66AD92D52ACD4E6000FFD27C /* HomeViewController.xib */,
			);
			path = Home;
			sourceTree = "<group>";
		};
		66AD92D82ACD4F8C00FFD27C /* Data */ = {
			isa = PBXGroup;
			children = (
				66AD92DA2ACD4FB100FFD27C /* Local */,
				66AD92D92ACD4F9C00FFD27C /* Networking */,
			);
			path = Data;
			sourceTree = "<group>";
		};
		66AD92D92ACD4F9C00FFD27C /* Networking */ = {
			isa = PBXGroup;
			children = (
			);
			path = Networking;
			sourceTree = "<group>";
		};
		66AD92DA2ACD4FB100FFD27C /* Local */ = {
			isa = PBXGroup;
			children = (
			);
			path = Local;
			sourceTree = "<group>";
		};
/* End PBXGroup section */

/* Begin PBXNativeTarget section */
		66AD929B2ACD4AF200FFD27C /* CafeNghen */ = {
			isa = PBXNativeTarget;
			buildConfigurationList = 66AD92C62ACD4AF400FFD27C /* Build configuration list for PBXNativeTarget "CafeNghen" */;
			buildPhases = (
				66AD92982ACD4AF200FFD27C /* Sources */,
				66AD92992ACD4AF200FFD27C /* Frameworks */,
				66AD929A2ACD4AF200FFD27C /* Resources */,
			);
			buildRules = (
			);
			dependencies = (
			);
			name = CafeNghen;
			productName = CafeNghen;
			productReference = 66AD929C2ACD4AF200FFD27C /* CafeNghen.app */;
			productType = "com.apple.product-type.application";
		};
		66AD92B12ACD4AF400FFD27C /* CafeNghenTests */ = {
			isa = PBXNativeTarget;
			buildConfigurationList = 66AD92C92ACD4AF400FFD27C /* Build configuration list for PBXNativeTarget "CafeNghenTests" */;
			buildPhases = (
				66AD92AE2ACD4AF400FFD27C /* Sources */,
				66AD92AF2ACD4AF400FFD27C /* Frameworks */,
				66AD92B02ACD4AF400FFD27C /* Resources */,
			);
			buildRules = (
			);
			dependencies = (
				66AD92B42ACD4AF400FFD27C /* PBXTargetDependency */,
			);
			name = CafeNghenTests;
			productName = CafeNghenTests;
			productReference = 66AD92B22ACD4AF400FFD27C /* CafeNghenTests.xctest */;
			productType = "com.apple.product-type.bundle.unit-test";
		};
		66AD92BB2ACD4AF400FFD27C /* CafeNghenUITests */ = {
			isa = PBXNativeTarget;
			buildConfigurationList = 66AD92CC2ACD4AF400FFD27C /* Build configuration list for PBXNativeTarget "CafeNghenUITests" */;
			buildPhases = (
				66AD92B82ACD4AF400FFD27C /* Sources */,
				66AD92B92ACD4AF400FFD27C /* Frameworks */,
				66AD92BA2ACD4AF400FFD27C /* Resources */,
			);
			buildRules = (
			);
			dependencies = (
				66AD92BE2ACD4AF400FFD27C /* PBXTargetDependency */,
			);
			name = CafeNghenUITests;
			productName = CafeNghenUITests;
			productReference = 66AD92BC2ACD4AF400FFD27C /* CafeNghenUITests.xctest */;
			productType = "com.apple.product-type.bundle.ui-testing";
		};
/* End PBXNativeTarget section */

/* Begin PBXProject section */
		66AD92942ACD4AF200FFD27C /* Project object */ = {
			isa = PBXProject;
			attributes = {
				BuildIndependentTargetsInParallel = 1;
				LastSwiftUpdateCheck = 1500;
				LastUpgradeCheck = 1500;
				TargetAttributes = {
					66AD929B2ACD4AF200FFD27C = {
						CreatedOnToolsVersion = 15.0;
					};
					66AD92B12ACD4AF400FFD27C = {
						CreatedOnToolsVersion = 15.0;
						TestTargetID = 66AD929B2ACD4AF200FFD27C;
					};
					66AD92BB2ACD4AF400FFD27C = {
						CreatedOnToolsVersion = 15.0;
						TestTargetID = 66AD929B2ACD4AF200FFD27C;
					};
				};
			};
			buildConfigurationList = 66AD92972ACD4AF200FFD27C /* Build configuration list for PBXProject "CafeNghen" */;
			compatibilityVersion = "Xcode 14.0";
			developmentRegion = en;
			hasScannedForEncodings = 0;
			knownRegions = (
				en,
				Base,
			);
			mainGroup = 66AD92932ACD4AF200FFD27C;
			productRefGroup = 66AD929D2ACD4AF200FFD27C /* Products */;
			projectDirPath = "";
			projectRoot = "";
			targets = (
				66AD929B2ACD4AF200FFD27C /* CafeNghen */,
				66AD92B12ACD4AF400FFD27C /* CafeNghenTests */,
				66AD92BB2ACD4AF400FFD27C /* CafeNghenUITests */,
			);
		};
/* End PBXProject section */

/* Begin PBXResourcesBuildPhase section */
		66AD929A2ACD4AF200FFD27C /* Resources */ = {
			isa = PBXResourcesBuildPhase;
			buildActionMask = 2147483647;
			files = (
				66AD92AC2ACD4AF300FFD27C /* LaunchScreen.storyboard in Resources */,
				66AD92A92ACD4AF300FFD27C /* Assets.xcassets in Resources */,
				66AD92D72ACD4E6000FFD27C /* HomeViewController.xib in Resources */,
			);
			runOnlyForDeploymentPostprocessing = 0;
		};
		66AD92B02ACD4AF400FFD27C /* Resources */ = {
			isa = PBXResourcesBuildPhase;
			buildActionMask = 2147483647;
			files = (
			);
			runOnlyForDeploymentPostprocessing = 0;
		};
		66AD92BA2ACD4AF400FFD27C /* Resources */ = {
			isa = PBXResourcesBuildPhase;
			buildActionMask = 2147483647;
			files = (
			);
			runOnlyForDeploymentPostprocessing = 0;
		};
/* End PBXResourcesBuildPhase section */

/* Begin PBXSourcesBuildPhase section */
		66AD92982ACD4AF200FFD27C /* Sources */ = {
			isa = PBXSourcesBuildPhase;
			buildActionMask = 2147483647;
			files = (
				66AD92A02ACD4AF200FFD27C /* AppDelegate.swift in Sources */,
				66AD92D62ACD4E6000FFD27C /* HomeViewController.swift in Sources */,
			);
			runOnlyForDeploymentPostprocessing = 0;
		};
		66AD92AE2ACD4AF400FFD27C /* Sources */ = {
			isa = PBXSourcesBuildPhase;
			buildActionMask = 2147483647;
			files = (
				66AD92B72ACD4AF400FFD27C /* CafeNghenTests.swift in Sources */,
			);
			runOnlyForDeploymentPostprocessing = 0;
		};
		66AD92B82ACD4AF400FFD27C /* Sources */ = {
			isa = PBXSourcesBuildPhase;
			buildActionMask = 2147483647;
			files = (
				66AD92C32ACD4AF400FFD27C /* CafeNghenUITestsLaunchTests.swift in Sources */,
				66AD92C12ACD4AF400FFD27C /* CafeNghenUITests.swift in Sources */,
			);
			runOnlyForDeploymentPostprocessing = 0;
		};
/* End PBXSourcesBuildPhase section */

/* Begin PBXTargetDependency section */
		66AD92B42ACD4AF400FFD27C /* PBXTargetDependency */ = {
			isa = PBXTargetDependency;
			target = 66AD929B2ACD4AF200FFD27C /* CafeNghen */;
			targetProxy = 66AD92B32ACD4AF400FFD27C /* PBXContainerItemProxy */;
		};
		66AD92BE2ACD4AF400FFD27C /* PBXTargetDependency */ = {
			isa = PBXTargetDependency;
			target = 66AD929B2ACD4AF200FFD27C /* CafeNghen */;
			targetProxy = 66AD92BD2ACD4AF400FFD27C /* PBXContainerItemProxy */;
		};
/* End PBXTargetDependency section */

/* Begin PBXVariantGroup section */
		66AD92AA2ACD4AF300FFD27C /* LaunchScreen.storyboard */ = {
			isa = PBXVariantGroup;
			children = (
				66AD92AB2ACD4AF300FFD27C /* Base */,
			);
			name = LaunchScreen.storyboard;
			sourceTree = "<group>";
		};
/* End PBXVariantGroup section */

/* Begin XCBuildConfiguration section */
		66AD92C42ACD4AF400FFD27C /* Debug */ = {
			isa = XCBuildConfiguration;
			buildSettings = {
				ALWAYS_SEARCH_USER_PATHS = NO;
				ASSETCATALOG_COMPILER_GENERATE_SWIFT_ASSET_SYMBOL_EXTENSIONS = YES;
				CLANG_ANALYZER_NONNULL = YES;
				CLANG_ANALYZER_NUMBER_OBJECT_CONVERSION = YES_AGGRESSIVE;
				CLANG_CXX_LANGUAGE_STANDARD = "gnu++20";
				CLANG_ENABLE_MODULES = YES;
				CLANG_ENABLE_OBJC_ARC = YES;
				CLANG_ENABLE_OBJC_WEAK = YES;
				CLANG_WARN_BLOCK_CAPTURE_AUTORELEASING = YES;
				CLANG_WARN_BOOL_CONVERSION = YES;
				CLANG_WARN_COMMA = YES;
				CLANG_WARN_CONSTANT_CONVERSION = YES;
				CLANG_WARN_DEPRECATED_OBJC_IMPLEMENTATIONS = YES;
				CLANG_WARN_DIRECT_OBJC_ISA_USAGE = YES_ERROR;
				CLANG_WARN_DOCUMENTATION_COMMENTS = YES;
				CLANG_WARN_EMPTY_BODY = YES;
				CLANG_WARN_ENUM_CONVERSION = YES;
				CLANG_WARN_INFINITE_RECURSION = YES;
				CLANG_WARN_INT_CONVERSION = YES;
				CLANG_WARN_NON_LITERAL_NULL_CONVERSION = YES;
				CLANG_WARN_OBJC_IMPLICIT_RETAIN_SELF = YES;
				CLANG_WARN_OBJC_LITERAL_CONVERSION = YES;
				CLANG_WARN_OBJC_ROOT_CLASS = YES_ERROR;
				CLANG_WARN_QUOTED_INCLUDE_IN_FRAMEWORK_HEADER = YES;
				CLANG_WARN_RANGE_LOOP_ANALYSIS = YES;
				CLANG_WARN_STRICT_PROTOTYPES = YES;
				CLANG_WARN_SUSPICIOUS_MOVE = YES;
				CLANG_WARN_UNGUARDED_AVAILABILITY = YES_AGGRESSIVE;
				CLANG_WARN_UNREACHABLE_CODE = YES;
				CLANG_WARN__DUPLICATE_METHOD_MATCH = YES;
				COPY_PHASE_STRIP = NO;
				DEBUG_INFORMATION_FORMAT = dwarf;
				ENABLE_STRICT_OBJC_MSGSEND = YES;
				ENABLE_TESTABILITY = YES;
				ENABLE_USER_SCRIPT_SANDBOXING = YES;
				GCC_C_LANGUAGE_STANDARD = gnu17;
				GCC_DYNAMIC_NO_PIC = NO;
				GCC_NO_COMMON_BLOCKS = YES;
				GCC_OPTIMIZATION_LEVEL = 0;
				GCC_PREPROCESSOR_DEFINITIONS = (
					"DEBUG=1",
					"$(inherited)",
				);
				GCC_WARN_64_TO_32_BIT_CONVERSION = YES;
				GCC_WARN_ABOUT_RETURN_TYPE = YES_ERROR;
				GCC_WARN_UNDECLARED_SELECTOR = YES;
				GCC_WARN_UNINITIALIZED_AUTOS = YES_AGGRESSIVE;
				GCC_WARN_UNUSED_FUNCTION = YES;
				GCC_WARN_UNUSED_VARIABLE = YES;
				IPHONEOS_DEPLOYMENT_TARGET = 17.0;
				LOCALIZATION_PREFERS_STRING_CATALOGS = YES;
				MTL_ENABLE_DEBUG_INFO = INCLUDE_SOURCE;
				MTL_FAST_MATH = YES;
				ONLY_ACTIVE_ARCH = YES;
				SDKROOT = iphoneos;
				SWIFT_ACTIVE_COMPILATION_CONDITIONS = "DEBUG $(inherited)";
				SWIFT_OPTIMIZATION_LEVEL = "-Onone";
			};
			name = Debug;
		};
		66AD92C52ACD4AF400FFD27C /* Release */ = {
			isa = XCBuildConfiguration;
			buildSettings = {
				ALWAYS_SEARCH_USER_PATHS = NO;
				ASSETCATALOG_COMPILER_GENERATE_SWIFT_ASSET_SYMBOL_EXTENSIONS = YES;
				CLANG_ANALYZER_NONNULL = YES;
				CLANG_ANALYZER_NUMBER_OBJECT_CONVERSION = YES_AGGRESSIVE;
				CLANG_CXX_LANGUAGE_STANDARD = "gnu++20";
				CLANG_ENABLE_MODULES = YES;
				CLANG_ENABLE_OBJC_ARC = YES;
				CLANG_ENABLE_OBJC_WEAK = YES;
				CLANG_WARN_BLOCK_CAPTURE_AUTORELEASING = YES;
				CLANG_WARN_BOOL_CONVERSION = YES;
				CLANG_WARN_COMMA = YES;
				CLANG_WARN_CONSTANT_CONVERSION = YES;
				CLANG_WARN_DEPRECATED_OBJC_IMPLEMENTATIONS = YES;
				CLANG_WARN_DIRECT_OBJC_ISA_USAGE = YES_ERROR;
				CLANG_WARN_DOCUMENTATION_COMMENTS = YES;
				CLANG_WARN_EMPTY_BODY = YES;
				CLANG_WARN_ENUM_CONVERSION = YES;
				CLANG_WARN_INFINITE_RECURSION = YES;
				CLANG_WARN_INT_CONVERSION = YES;
				CLANG_WARN_NON_LITERAL_NULL_CONVERSION = YES;
				CLANG_WARN_OBJC_IMPLICIT_RETAIN_SELF = YES;
				CLANG_WARN_OBJC_LITERAL_CONVERSION = YES;
				CLANG_WARN_OBJC_ROOT_CLASS = YES_ERROR;
				CLANG_WARN_QUOTED_INCLUDE_IN_FRAMEWORK_HEADER = YES;
				CLANG_WARN_RANGE_LOOP_ANALYSIS = YES;
				CLANG_WARN_STRICT_PROTOTYPES = YES;
				CLANG_WARN_SUSPICIOUS_MOVE = YES;
				CLANG_WARN_UNGUARDED_AVAILABILITY = YES_AGGRESSIVE;
				CLANG_WARN_UNREACHABLE_CODE = YES;
				CLANG_WARN__DUPLICATE_METHOD_MATCH = YES;
				COPY_PHASE_STRIP = NO;
				DEBUG_INFORMATION_FORMAT = "dwarf-with-dsym";
				ENABLE_NS_ASSERTIONS = NO;
				ENABLE_STRICT_OBJC_MSGSEND = YES;
				ENABLE_USER_SCRIPT_SANDBOXING = YES;
				GCC_C_LANGUAGE_STANDARD = gnu17;
				GCC_NO_COMMON_BLOCKS = YES;
				GCC_WARN_64_TO_32_BIT_CONVERSION = YES;
				GCC_WARN_ABOUT_RETURN_TYPE = YES_ERROR;
				GCC_WARN_UNDECLARED_SELECTOR = YES;
				GCC_WARN_UNINITIALIZED_AUTOS = YES_AGGRESSIVE;
				GCC_WARN_UNUSED_FUNCTION = YES;
				GCC_WARN_UNUSED_VARIABLE = YES;
				IPHONEOS_DEPLOYMENT_TARGET = 17.0;
				LOCALIZATION_PREFERS_STRING_CATALOGS = YES;
				MTL_ENABLE_DEBUG_INFO = NO;
				MTL_FAST_MATH = YES;
				SDKROOT = iphoneos;
				SWIFT_COMPILATION_MODE = wholemodule;
				VALIDATE_PRODUCT = YES;
			};
			name = Release;
		};
		66AD92C72ACD4AF400FFD27C /* Debug */ = {
			isa = XCBuildConfiguration;
			buildSettings = {
				ASSETCATALOG_COMPILER_APPICON_NAME = AppIcon;
				ASSETCATALOG_COMPILER_GLOBAL_ACCENT_COLOR_NAME = AccentColor;
				CODE_SIGN_STYLE = Automatic;
				CURRENT_PROJECT_VERSION = 1;
				DEVELOPMENT_TEAM = Z839S848GQ;
				GENERATE_INFOPLIST_FILE = YES;
				INFOPLIST_FILE = CafeNghen/Supports/Info.plist;
				INFOPLIST_KEY_UIApplicationSupportsIndirectInputEvents = YES;
				INFOPLIST_KEY_UILaunchStoryboardName = LaunchScreen;
				INFOPLIST_KEY_UIMainStoryboardFile = "";
				INFOPLIST_KEY_UISupportedInterfaceOrientations_iPad = "UIInterfaceOrientationPortrait UIInterfaceOrientationPortraitUpsideDown UIInterfaceOrientationLandscapeLeft UIInterfaceOrientationLandscapeRight";
				INFOPLIST_KEY_UISupportedInterfaceOrientations_iPhone = "UIInterfaceOrientationPortrait UIInterfaceOrientationLandscapeLeft UIInterfaceOrientationLandscapeRight";
				IPHONEOS_DEPLOYMENT_TARGET = 13.0;
				LD_RUNPATH_SEARCH_PATHS = (
					"$(inherited)",
					"@executable_path/Frameworks",
				);
				MARKETING_VERSION = 1.0;
				PRODUCT_BUNDLE_IDENTIFIER = com.vankhanhvuong.CafeNghen;
				PRODUCT_NAME = "$(TARGET_NAME)";
				SUPPORTED_PLATFORMS = "iphoneos iphonesimulator";
				SUPPORTS_MACCATALYST = NO;
				SUPPORTS_MAC_DESIGNED_FOR_IPHONE_IPAD = NO;
				SWIFT_EMIT_LOC_STRINGS = YES;
				SWIFT_VERSION = 5.0;
				TARGETED_DEVICE_FAMILY = "1,2";
			};
			name = Debug;
		};
		66AD92C82ACD4AF400FFD27C /* Release */ = {
			isa = XCBuildConfiguration;
			buildSettings = {
				ASSETCATALOG_COMPILER_APPICON_NAME = AppIcon;
				ASSETCATALOG_COMPILER_GLOBAL_ACCENT_COLOR_NAME = AccentColor;
				CODE_SIGN_STYLE = Automatic;
				CURRENT_PROJECT_VERSION = 1;
				DEVELOPMENT_TEAM = Z839S848GQ;
				GENERATE_INFOPLIST_FILE = YES;
				INFOPLIST_FILE = CafeNghen/Supports/Info.plist;
				INFOPLIST_KEY_UIApplicationSupportsIndirectInputEvents = YES;
				INFOPLIST_KEY_UILaunchStoryboardName = LaunchScreen;
				INFOPLIST_KEY_UIMainStoryboardFile = "";
				INFOPLIST_KEY_UISupportedInterfaceOrientations_iPad = "UIInterfaceOrientationPortrait UIInterfaceOrientationPortraitUpsideDown UIInterfaceOrientationLandscapeLeft UIInterfaceOrientationLandscapeRight";
				INFOPLIST_KEY_UISupportedInterfaceOrientations_iPhone = "UIInterfaceOrientationPortrait UIInterfaceOrientationLandscapeLeft UIInterfaceOrientationLandscapeRight";
				IPHONEOS_DEPLOYMENT_TARGET = 13.0;
				LD_RUNPATH_SEARCH_PATHS = (
					"$(inherited)",
					"@executable_path/Frameworks",
				);
				MARKETING_VERSION = 1.0;
				PRODUCT_BUNDLE_IDENTIFIER = com.vankhanhvuong.CafeNghen;
				PRODUCT_NAME = "$(TARGET_NAME)";
				SUPPORTED_PLATFORMS = "iphoneos iphonesimulator";
				SUPPORTS_MACCATALYST = NO;
				SUPPORTS_MAC_DESIGNED_FOR_IPHONE_IPAD = NO;
				SWIFT_EMIT_LOC_STRINGS = YES;
				SWIFT_VERSION = 5.0;
				TARGETED_DEVICE_FAMILY = "1,2";
			};
			name = Release;
		};
		66AD92CA2ACD4AF400FFD27C /* Debug */ = {
			isa = XCBuildConfiguration;
			buildSettings = {
				ALWAYS_EMBED_SWIFT_STANDARD_LIBRARIES = YES;
				BUNDLE_LOADER = "$(TEST_HOST)";
				CODE_SIGN_STYLE = Automatic;
				CURRENT_PROJECT_VERSION = 1;
				DEVELOPMENT_TEAM = Z839S848GQ;
				GENERATE_INFOPLIST_FILE = YES;
				IPHONEOS_DEPLOYMENT_TARGET = 17.0;
				MARKETING_VERSION = 1.0;
				PRODUCT_BUNDLE_IDENTIFIER = com.vankhanhvuong.CafeNghenTests;
				PRODUCT_NAME = "$(TARGET_NAME)";
				SWIFT_EMIT_LOC_STRINGS = NO;
				SWIFT_VERSION = 5.0;
				TARGETED_DEVICE_FAMILY = "1,2";
				TEST_HOST = "$(BUILT_PRODUCTS_DIR)/CafeNghen.app/$(BUNDLE_EXECUTABLE_FOLDER_PATH)/CafeNghen";
			};
			name = Debug;
		};
		66AD92CB2ACD4AF400FFD27C /* Release */ = {
			isa = XCBuildConfiguration;
			buildSettings = {
				ALWAYS_EMBED_SWIFT_STANDARD_LIBRARIES = YES;
				BUNDLE_LOADER = "$(TEST_HOST)";
				CODE_SIGN_STYLE = Automatic;
				CURRENT_PROJECT_VERSION = 1;
				DEVELOPMENT_TEAM = Z839S848GQ;
				GENERATE_INFOPLIST_FILE = YES;
				IPHONEOS_DEPLOYMENT_TARGET = 17.0;
				MARKETING_VERSION = 1.0;
				PRODUCT_BUNDLE_IDENTIFIER = com.vankhanhvuong.CafeNghenTests;
				PRODUCT_NAME = "$(TARGET_NAME)";
				SWIFT_EMIT_LOC_STRINGS = NO;
				SWIFT_VERSION = 5.0;
				TARGETED_DEVICE_FAMILY = "1,2";
				TEST_HOST = "$(BUILT_PRODUCTS_DIR)/CafeNghen.app/$(BUNDLE_EXECUTABLE_FOLDER_PATH)/CafeNghen";
			};
			name = Release;
		};
		66AD92CD2ACD4AF400FFD27C /* Debug */ = {
			isa = XCBuildConfiguration;
			buildSettings = {
				ALWAYS_EMBED_SWIFT_STANDARD_LIBRARIES = YES;
				CODE_SIGN_STYLE = Automatic;
				CURRENT_PROJECT_VERSION = 1;
				DEVELOPMENT_TEAM = Z839S848GQ;
				GENERATE_INFOPLIST_FILE = YES;
				MARKETING_VERSION = 1.0;
				PRODUCT_BUNDLE_IDENTIFIER = com.vankhanhvuong.CafeNghenUITests;
				PRODUCT_NAME = "$(TARGET_NAME)";
				SWIFT_EMIT_LOC_STRINGS = NO;
				SWIFT_VERSION = 5.0;
				TARGETED_DEVICE_FAMILY = "1,2";
				TEST_TARGET_NAME = CafeNghen;
			};
			name = Debug;
		};
		66AD92CE2ACD4AF400FFD27C /* Release */ = {
			isa = XCBuildConfiguration;
			buildSettings = {
				ALWAYS_EMBED_SWIFT_STANDARD_LIBRARIES = YES;
				CODE_SIGN_STYLE = Automatic;
				CURRENT_PROJECT_VERSION = 1;
				DEVELOPMENT_TEAM = Z839S848GQ;
				GENERATE_INFOPLIST_FILE = YES;
				MARKETING_VERSION = 1.0;
				PRODUCT_BUNDLE_IDENTIFIER = com.vankhanhvuong.CafeNghenUITests;
				PRODUCT_NAME = "$(TARGET_NAME)";
				SWIFT_EMIT_LOC_STRINGS = NO;
				SWIFT_VERSION = 5.0;
				TARGETED_DEVICE_FAMILY = "1,2";
				TEST_TARGET_NAME = CafeNghen;
			};
			name = Release;
		};
/* End XCBuildConfiguration section */

/* Begin XCConfigurationList section */
		66AD92972ACD4AF200FFD27C /* Build configuration list for PBXProject "CafeNghen" */ = {
			isa = XCConfigurationList;
			buildConfigurations = (
				66AD92C42ACD4AF400FFD27C /* Debug */,
				66AD92C52ACD4AF400FFD27C /* Release */,
			);
			defaultConfigurationIsVisible = 0;
			defaultConfigurationName = Release;
		};
		66AD92C62ACD4AF400FFD27C /* Build configuration list for PBXNativeTarget "CafeNghen" */ = {
			isa = XCConfigurationList;
			buildConfigurations = (
				66AD92C72ACD4AF400FFD27C /* Debug */,
				66AD92C82ACD4AF400FFD27C /* Release */,
			);
			defaultConfigurationIsVisible = 0;
			defaultConfigurationName = Release;
		};
		66AD92C92ACD4AF400FFD27C /* Build configuration list for PBXNativeTarget "CafeNghenTests" */ = {
			isa = XCConfigurationList;
			buildConfigurations = (
				66AD92CA2ACD4AF400FFD27C /* Debug */,
				66AD92CB2ACD4AF400FFD27C /* Release */,
			);
			defaultConfigurationIsVisible = 0;
			defaultConfigurationName = Release;
		};
		66AD92CC2ACD4AF400FFD27C /* Build configuration list for PBXNativeTarget "CafeNghenUITests" */ = {
			isa = XCConfigurationList;
			buildConfigurations = (
				66AD92CD2ACD4AF400FFD27C /* Debug */,
				66AD92CE2ACD4AF400FFD27C /* Release */,
			);
			defaultConfigurationIsVisible = 0;
			defaultConfigurationName = Release;
		};
/* End XCConfigurationList section */
	};
	rootObject = 66AD92942ACD4AF200FFD27C /* Project object */;
}
